// !$*UTF8*$!
{
	archiveVersion = 1;
	classes = {
	};
	objectVersion = 55;
	objects = {

/* Begin PBXBuildFile section */
		046AA0D7285B82B4009107C3 /* HypedEventTileView.swift in Sources */ = {isa = PBXBuildFile; fileRef = 046AA0D6285B82B4009107C3 /* HypedEventTileView.swift */; };
		046AA0DA285B8FD8009107C3 /* SwiftDate in Frameworks */ = {isa = PBXBuildFile; productRef = 046AA0D9285B8FD8009107C3 /* SwiftDate */; };
		046AA0DC285B92EA009107C3 /* DataController.swift in Sources */ = {isa = PBXBuildFile; fileRef = 046AA0DB285B92EA009107C3 /* DataController.swift */; };
		046AA0E1285BA69C009107C3 /* UIColorHexSwift in Frameworks */ = {isa = PBXBuildFile; productRef = 046AA0E0285BA69C009107C3 /* UIColorHexSwift */; };
		046AA0E3285BAD3E009107C3 /* HypedEventListView.swift in Sources */ = {isa = PBXBuildFile; fileRef = 046AA0E2285BAD3E009107C3 /* HypedEventListView.swift */; };
		046AA0E5285BE0B3009107C3 /* HypedEventDetailView.swift in Sources */ = {isa = PBXBuildFile; fileRef = 046AA0E4285BE0B3009107C3 /* HypedEventDetailView.swift */; };
		046AA0ED285C97DA009107C3 /* WidgetKit.framework in Frameworks */ = {isa = PBXBuildFile; fileRef = 046AA0EC285C97DA009107C3 /* WidgetKit.framework */; };
		046AA0EF285C97DA009107C3 /* SwiftUI.framework in Frameworks */ = {isa = PBXBuildFile; fileRef = 046AA0EE285C97DA009107C3 /* SwiftUI.framework */; };
		046AA0F2285C97DA009107C3 /* HypedListiOSWidget.swift in Sources */ = {isa = PBXBuildFile; fileRef = 046AA0F1285C97DA009107C3 /* HypedListiOSWidget.swift */; };
		046AA0F4285C97DC009107C3 /* Assets.xcassets in Resources */ = {isa = PBXBuildFile; fileRef = 046AA0F3285C97DC009107C3 /* Assets.xcassets */; };
		046AA0F8285C97DC009107C3 /* HypedListiOSWidgetExtension.appex in Embed App Extensions */ = {isa = PBXBuildFile; fileRef = 046AA0EA285C97DA009107C3 /* HypedListiOSWidgetExtension.appex */; settings = {ATTRIBUTES = (RemoveHeadersOnCopy, ); }; };
		046AA0FD285C99FA009107C3 /* HypedEvent.swift in Sources */ = {isa = PBXBuildFile; fileRef = 04B520AC2857835700AD7C64 /* HypedEvent.swift */; };
		046AA0FE285C9A4E009107C3 /* DataController.swift in Sources */ = {isa = PBXBuildFile; fileRef = 046AA0DB285B92EA009107C3 /* DataController.swift */; };
		046AA100285C9A7D009107C3 /* SwiftDate in Frameworks */ = {isa = PBXBuildFile; productRef = 046AA0FF285C9A7D009107C3 /* SwiftDate */; };
		046AA102285C9A7D009107C3 /* UIColorHexSwift in Frameworks */ = {isa = PBXBuildFile; productRef = 046AA101285C9A7D009107C3 /* UIColorHexSwift */; };
		04ABCE2D285CBFDE00DDADFB /* MainView.swift in Sources */ = {isa = PBXBuildFile; fileRef = 04ABCE2C285CBFDE00DDADFB /* MainView.swift */; };
		04ABCE2F285CC0BA00DDADFB /* HypedListSidebarView.swift in Sources */ = {isa = PBXBuildFile; fileRef = 04ABCE2E285CC0BA00DDADFB /* HypedListSidebarView.swift */; };
		04ABCE35285D00FA00DDADFB /* Assets.xcassets in Resources */ = {isa = PBXBuildFile; fileRef = 04ABCE34285D00FA00DDADFB /* Assets.xcassets */; };
		04ABCE3B285D00FB00DDADFB /* HypedListWatch WatchKit Extension.appex in Embed App Extensions */ = {isa = PBXBuildFile; fileRef = 04ABCE3A285D00FB00DDADFB /* HypedListWatch WatchKit Extension.appex */; settings = {ATTRIBUTES = (RemoveHeadersOnCopy, ); }; };
		04ABCE40285D00FB00DDADFB /* ContentView.swift in Sources */ = {isa = PBXBuildFile; fileRef = 04ABCE3F285D00FB00DDADFB /* ContentView.swift */; };
		04ABCE42285D00FB00DDADFB /* HypedListApp.swift in Sources */ = {isa = PBXBuildFile; fileRef = 04ABCE41285D00FB00DDADFB /* HypedListApp.swift */; };
		04ABCE44285D00FB00DDADFB /* ComplicationController.swift in Sources */ = {isa = PBXBuildFile; fileRef = 04ABCE43285D00FB00DDADFB /* ComplicationController.swift */; };
		04ABCE46285D00FB00DDADFB /* Assets.xcassets in Resources */ = {isa = PBXBuildFile; fileRef = 04ABCE45285D00FB00DDADFB /* Assets.xcassets */; };
		04ABCE49285D00FB00DDADFB /* Preview Assets.xcassets in Resources */ = {isa = PBXBuildFile; fileRef = 04ABCE48285D00FB00DDADFB /* Preview Assets.xcassets */; };
		04ABCE4D285D00FB00DDADFB /* Hyped List Watch Extension.app in Embed Watch Content */ = {isa = PBXBuildFile; fileRef = 04ABCE32285D00F900DDADFB /* Hyped List Watch Extension.app */; settings = {ATTRIBUTES = (RemoveHeadersOnCopy, ); }; };
		04ABCE57285D01FA00DDADFB /* HypedEventWatchListView.swift in Sources */ = {isa = PBXBuildFile; fileRef = 04ABCE56285D01FA00DDADFB /* HypedEventWatchListView.swift */; };
		04ABCE58285D021A00DDADFB /* HypedEvent.swift in Sources */ = {isa = PBXBuildFile; fileRef = 04B520AC2857835700AD7C64 /* HypedEvent.swift */; };
		04ABCE5A285D025B00DDADFB /* SwiftDate in Frameworks */ = {isa = PBXBuildFile; productRef = 04ABCE59285D025B00DDADFB /* SwiftDate */; };
		04ABCE5C285D025B00DDADFB /* UIColorHexSwift in Frameworks */ = {isa = PBXBuildFile; productRef = 04ABCE5B285D025B00DDADFB /* UIColorHexSwift */; };
		04ABCE5F285D088C00DDADFB /* PhoneToWatchDataController.swift in Sources */ = {isa = PBXBuildFile; fileRef = 04ABCE5D285D087700DDADFB /* PhoneToWatchDataController.swift */; };
		04ABCE60285D0CC100DDADFB /* PhoneToWatchDataController.swift in Sources */ = {isa = PBXBuildFile; fileRef = 04ABCE5D285D087700DDADFB /* PhoneToWatchDataController.swift */; };
		04ABCE62285D104400DDADFB /* WatchToPhoneDataController.swift in Sources */ = {isa = PBXBuildFile; fileRef = 04ABCE61285D104400DDADFB /* WatchToPhoneDataController.swift */; };
		04ABCE6A285DB29000DDADFB /* HypedListMacApp.swift in Sources */ = {isa = PBXBuildFile; fileRef = 04ABCE69285DB29000DDADFB /* HypedListMacApp.swift */; };
		04ABCE6C285DB29000DDADFB /* ContentView.swift in Sources */ = {isa = PBXBuildFile; fileRef = 04ABCE6B285DB29000DDADFB /* ContentView.swift */; };
		04ABCE6E285DB29200DDADFB /* Assets.xcassets in Resources */ = {isa = PBXBuildFile; fileRef = 04ABCE6D285DB29200DDADFB /* Assets.xcassets */; };
		04ABCE71285DB29200DDADFB /* Preview Assets.xcassets in Resources */ = {isa = PBXBuildFile; fileRef = 04ABCE70285DB29200DDADFB /* Preview Assets.xcassets */; };
		04ABCE76285DB35700DDADFB /* DataController.swift in Sources */ = {isa = PBXBuildFile; fileRef = 046AA0DB285B92EA009107C3 /* DataController.swift */; };
		04ABCE77285DB39C00DDADFB /* HypedEvent.swift in Sources */ = {isa = PBXBuildFile; fileRef = 04B520AC2857835700AD7C64 /* HypedEvent.swift */; };
		04ABCE79285DB40900DDADFB /* SwiftDate in Frameworks */ = {isa = PBXBuildFile; productRef = 04ABCE78285DB40900DDADFB /* SwiftDate */; };
		04ABCE7B285DB40900DDADFB /* UIColorHexSwift in Frameworks */ = {isa = PBXBuildFile; productRef = 04ABCE7A285DB40900DDADFB /* UIColorHexSwift */; };
		04ABCE7C285DB48400DDADFB /* CreateHypedEventView.swift in Sources */ = {isa = PBXBuildFile; fileRef = 04B520AA285782E800AD7C64 /* CreateHypedEventView.swift */; };
		04ABCE7D285DB48400DDADFB /* PastView.swift in Sources */ = {isa = PBXBuildFile; fileRef = 04B520A628577F0800AD7C64 /* PastView.swift */; };
		04ABCE7E285DB48400DDADFB /* UpcomingView.swift in Sources */ = {isa = PBXBuildFile; fileRef = 04B520A428577EFD00AD7C64 /* UpcomingView.swift */; };
		04ABCE7F285DB48400DDADFB /* DiscoverView.swift in Sources */ = {isa = PBXBuildFile; fileRef = 04B520A828577F1300AD7C64 /* DiscoverView.swift */; };
		04ABCE80285DB48400DDADFB /* FormLabelView.swift in Sources */ = {isa = PBXBuildFile; fileRef = 04B520AE285787E500AD7C64 /* FormLabelView.swift */; };
		04ABCE81285DB48400DDADFB /* HypedEventDetailView.swift in Sources */ = {isa = PBXBuildFile; fileRef = 046AA0E4285BE0B3009107C3 /* HypedEventDetailView.swift */; };
		04ABCE82285DB48400DDADFB /* HypedEventListView.swift in Sources */ = {isa = PBXBuildFile; fileRef = 046AA0E2285BAD3E009107C3 /* HypedEventListView.swift */; };
		04ABCE83285DB48400DDADFB /* HypedEventTileView.swift in Sources */ = {isa = PBXBuildFile; fileRef = 046AA0D6285B82B4009107C3 /* HypedEventTileView.swift */; };
		04ABCE84285DB77B00DDADFB /* HypedListSidebarView.swift in Sources */ = {isa = PBXBuildFile; fileRef = 04ABCE2E285CC0BA00DDADFB /* HypedListSidebarView.swift */; };
		04ABCE8A285E617B00DDADFB /* WidgetKit.framework in Frameworks */ = {isa = PBXBuildFile; fileRef = 046AA0EC285C97DA009107C3 /* WidgetKit.framework */; };
		04ABCE8B285E617B00DDADFB /* SwiftUI.framework in Frameworks */ = {isa = PBXBuildFile; fileRef = 046AA0EE285C97DA009107C3 /* SwiftUI.framework */; };
		04ABCE90285E617C00DDADFB /* Assets.xcassets in Resources */ = {isa = PBXBuildFile; fileRef = 04ABCE8F285E617C00DDADFB /* Assets.xcassets */; };
		04ABCE95285E617C00DDADFB /* HypedListMacWidgetExtension.appex in Embed App Extensions */ = {isa = PBXBuildFile; fileRef = 04ABCE89285E617B00DDADFB /* HypedListMacWidgetExtension.appex */; settings = {ATTRIBUTES = (RemoveHeadersOnCopy, ); }; };
		04ABCE9A285E61AC00DDADFB /* HypedListiOSWidget.swift in Sources */ = {isa = PBXBuildFile; fileRef = 046AA0F1285C97DA009107C3 /* HypedListiOSWidget.swift */; };
		04ABCE9B285E61C300DDADFB /* DataController.swift in Sources */ = {isa = PBXBuildFile; fileRef = 046AA0DB285B92EA009107C3 /* DataController.swift */; };
		04ABCE9C285E61CE00DDADFB /* HypedEvent.swift in Sources */ = {isa = PBXBuildFile; fileRef = 04B520AC2857835700AD7C64 /* HypedEvent.swift */; };
		04ABCE9E285E61EA00DDADFB /* SwiftDate in Frameworks */ = {isa = PBXBuildFile; productRef = 04ABCE9D285E61EA00DDADFB /* SwiftDate */; };
		04ABCEA0285E61EA00DDADFB /* UIColorHexSwift in Frameworks */ = {isa = PBXBuildFile; productRef = 04ABCE9F285E61EA00DDADFB /* UIColorHexSwift */; };
		04ABCEA8285E6B2D00DDADFB /* HypedListTVApp.swift in Sources */ = {isa = PBXBuildFile; fileRef = 04ABCEA7285E6B2D00DDADFB /* HypedListTVApp.swift */; };
		04ABCEAA285E6B2D00DDADFB /* ContentView.swift in Sources */ = {isa = PBXBuildFile; fileRef = 04ABCEA9285E6B2D00DDADFB /* ContentView.swift */; };
		04ABCEAC285E6B3800DDADFB /* Assets.xcassets in Resources */ = {isa = PBXBuildFile; fileRef = 04ABCEAB285E6B3800DDADFB /* Assets.xcassets */; };
		04ABCEAF285E6B3800DDADFB /* Preview Assets.xcassets in Resources */ = {isa = PBXBuildFile; fileRef = 04ABCEAE285E6B3800DDADFB /* Preview Assets.xcassets */; };
		04ABCEB5285E6CC800DDADFB /* HypedEventTVListView.swift in Sources */ = {isa = PBXBuildFile; fileRef = 04ABCEB4285E6CC700DDADFB /* HypedEventTVListView.swift */; };
		04ABCEB7285E6D4E00DDADFB /* SwiftDate in Frameworks */ = {isa = PBXBuildFile; productRef = 04ABCEB6285E6D4E00DDADFB /* SwiftDate */; };
		04ABCEB9285E6D4E00DDADFB /* UIColorHexSwift in Frameworks */ = {isa = PBXBuildFile; productRef = 04ABCEB8285E6D4E00DDADFB /* UIColorHexSwift */; };
		04ABCEBA285E6D6000DDADFB /* DataController.swift in Sources */ = {isa = PBXBuildFile; fileRef = 046AA0DB285B92EA009107C3 /* DataController.swift */; };
		04ABCEBB285E6D6000DDADFB /* HypedEvent.swift in Sources */ = {isa = PBXBuildFile; fileRef = 04B520AC2857835700AD7C64 /* HypedEvent.swift */; };
		04ABCEBC285E6E3400DDADFB /* HypedEventTileView.swift in Sources */ = {isa = PBXBuildFile; fileRef = 046AA0D6285B82B4009107C3 /* HypedEventTileView.swift */; };
		04B5209728577D5F00AD7C64 /* HypedListApp.swift in Sources */ = {isa = PBXBuildFile; fileRef = 04B5209628577D5F00AD7C64 /* HypedListApp.swift */; };
		04B5209928577D5F00AD7C64 /* HypedListTabView.swift in Sources */ = {isa = PBXBuildFile; fileRef = 04B5209828577D5F00AD7C64 /* HypedListTabView.swift */; };
		04B5209B28577D6200AD7C64 /* Assets.xcassets in Resources */ = {isa = PBXBuildFile; fileRef = 04B5209A28577D6200AD7C64 /* Assets.xcassets */; };
		04B5209E28577D6200AD7C64 /* Preview Assets.xcassets in Resources */ = {isa = PBXBuildFile; fileRef = 04B5209D28577D6200AD7C64 /* Preview Assets.xcassets */; };
		04B520A528577EFD00AD7C64 /* UpcomingView.swift in Sources */ = {isa = PBXBuildFile; fileRef = 04B520A428577EFD00AD7C64 /* UpcomingView.swift */; };
		04B520A728577F0800AD7C64 /* PastView.swift in Sources */ = {isa = PBXBuildFile; fileRef = 04B520A628577F0800AD7C64 /* PastView.swift */; };
		04B520A928577F1300AD7C64 /* DiscoverView.swift in Sources */ = {isa = PBXBuildFile; fileRef = 04B520A828577F1300AD7C64 /* DiscoverView.swift */; };
		04B520AB285782E800AD7C64 /* CreateHypedEventView.swift in Sources */ = {isa = PBXBuildFile; fileRef = 04B520AA285782E800AD7C64 /* CreateHypedEventView.swift */; };
		04B520AD2857835700AD7C64 /* HypedEvent.swift in Sources */ = {isa = PBXBuildFile; fileRef = 04B520AC2857835700AD7C64 /* HypedEvent.swift */; };
		04B520AF285787E500AD7C64 /* FormLabelView.swift in Sources */ = {isa = PBXBuildFile; fileRef = 04B520AE285787E500AD7C64 /* FormLabelView.swift */; };
		04B520B128578B9200AD7C64 /* ImagePicker.swift in Sources */ = {isa = PBXBuildFile; fileRef = 04B520B028578B9200AD7C64 /* ImagePicker.swift */; };
/* End PBXBuildFile section */

/* Begin PBXContainerItemProxy section */
		046AA0F6285C97DC009107C3 /* PBXContainerItemProxy */ = {
			isa = PBXContainerItemProxy;
			containerPortal = 04B5208B28577D5F00AD7C64 /* Project object */;
			proxyType = 1;
			remoteGlobalIDString = 046AA0E9285C97DA009107C3;
			remoteInfo = HypedListiOSWidgetExtension;
		};
		04ABCE3C285D00FB00DDADFB /* PBXContainerItemProxy */ = {
			isa = PBXContainerItemProxy;
			containerPortal = 04B5208B28577D5F00AD7C64 /* Project object */;
			proxyType = 1;
			remoteGlobalIDString = 04ABCE39285D00FB00DDADFB;
			remoteInfo = "HypedListWatch WatchKit Extension";
		};
		04ABCE4B285D00FB00DDADFB /* PBXContainerItemProxy */ = {
			isa = PBXContainerItemProxy;
			containerPortal = 04B5208B28577D5F00AD7C64 /* Project object */;
			proxyType = 1;
			remoteGlobalIDString = 04ABCE31285D00F900DDADFB;
			remoteInfo = HypedListWatch;
		};
		04ABCE93285E617C00DDADFB /* PBXContainerItemProxy */ = {
			isa = PBXContainerItemProxy;
			containerPortal = 04B5208B28577D5F00AD7C64 /* Project object */;
			proxyType = 1;
			remoteGlobalIDString = 04ABCE88285E617B00DDADFB;
			remoteInfo = HypedListMacWidgetExtension;
		};
/* End PBXContainerItemProxy section */

/* Begin PBXCopyFilesBuildPhase section */
		046AA0FC285C97DC009107C3 /* Embed App Extensions */ = {
			isa = PBXCopyFilesBuildPhase;
			buildActionMask = 2147483647;
			dstPath = "";
			dstSubfolderSpec = 13;
			files = (
				046AA0F8285C97DC009107C3 /* HypedListiOSWidgetExtension.appex in Embed App Extensions */,
			);
			name = "Embed App Extensions";
			runOnlyForDeploymentPostprocessing = 0;
		};
		04ABCE51285D00FB00DDADFB /* Embed App Extensions */ = {
			isa = PBXCopyFilesBuildPhase;
			buildActionMask = 2147483647;
			dstPath = "";
			dstSubfolderSpec = 13;
			files = (
				04ABCE3B285D00FB00DDADFB /* HypedListWatch WatchKit Extension.appex in Embed App Extensions */,
			);
			name = "Embed App Extensions";
			runOnlyForDeploymentPostprocessing = 0;
		};
		04ABCE55285D00FB00DDADFB /* Embed Watch Content */ = {
			isa = PBXCopyFilesBuildPhase;
			buildActionMask = 2147483647;
			dstPath = "$(CONTENTS_FOLDER_PATH)/Watch";
			dstSubfolderSpec = 16;
			files = (
				04ABCE4D285D00FB00DDADFB /* Hyped List Watch Extension.app in Embed Watch Content */,
			);
			name = "Embed Watch Content";
			runOnlyForDeploymentPostprocessing = 0;
		};
		04ABCE99285E617C00DDADFB /* Embed App Extensions */ = {
			isa = PBXCopyFilesBuildPhase;
			buildActionMask = 2147483647;
			dstPath = "";
			dstSubfolderSpec = 13;
			files = (
				04ABCE95285E617C00DDADFB /* HypedListMacWidgetExtension.appex in Embed App Extensions */,
			);
			name = "Embed App Extensions";
			runOnlyForDeploymentPostprocessing = 0;
		};
/* End PBXCopyFilesBuildPhase section */

/* Begin PBXFileReference section */
		046AA0D6285B82B4009107C3 /* HypedEventTileView.swift */ = {isa = PBXFileReference; lastKnownFileType = sourcecode.swift; path = HypedEventTileView.swift; sourceTree = "<group>"; };
		046AA0DB285B92EA009107C3 /* DataController.swift */ = {isa = PBXFileReference; lastKnownFileType = sourcecode.swift; path = DataController.swift; sourceTree = "<group>"; };
		046AA0E2285BAD3E009107C3 /* HypedEventListView.swift */ = {isa = PBXFileReference; lastKnownFileType = sourcecode.swift; path = HypedEventListView.swift; sourceTree = "<group>"; };
		046AA0E4285BE0B3009107C3 /* HypedEventDetailView.swift */ = {isa = PBXFileReference; lastKnownFileType = sourcecode.swift; path = HypedEventDetailView.swift; sourceTree = "<group>"; };
		046AA0EA285C97DA009107C3 /* HypedListiOSWidgetExtension.appex */ = {isa = PBXFileReference; explicitFileType = "wrapper.app-extension"; includeInIndex = 0; path = HypedListiOSWidgetExtension.appex; sourceTree = BUILT_PRODUCTS_DIR; };
		046AA0EC285C97DA009107C3 /* WidgetKit.framework */ = {isa = PBXFileReference; lastKnownFileType = wrapper.framework; name = WidgetKit.framework; path = System/Library/Frameworks/WidgetKit.framework; sourceTree = SDKROOT; };
		046AA0EE285C97DA009107C3 /* SwiftUI.framework */ = {isa = PBXFileReference; lastKnownFileType = wrapper.framework; name = SwiftUI.framework; path = System/Library/Frameworks/SwiftUI.framework; sourceTree = SDKROOT; };
		046AA0F1285C97DA009107C3 /* HypedListiOSWidget.swift */ = {isa = PBXFileReference; lastKnownFileType = sourcecode.swift; path = HypedListiOSWidget.swift; sourceTree = "<group>"; };
		046AA0F3285C97DC009107C3 /* Assets.xcassets */ = {isa = PBXFileReference; lastKnownFileType = folder.assetcatalog; path = Assets.xcassets; sourceTree = "<group>"; };
		046AA0F5285C97DC009107C3 /* Info.plist */ = {isa = PBXFileReference; lastKnownFileType = text.plist.xml; path = Info.plist; sourceTree = "<group>"; };
		04ABCE2A285CA46700DDADFB /* HypedListiOS.entitlements */ = {isa = PBXFileReference; lastKnownFileType = text.plist.entitlements; path = HypedListiOS.entitlements; sourceTree = "<group>"; };
		04ABCE2B285CA4C400DDADFB /* HypedListiOSWidgetExtension.entitlements */ = {isa = PBXFileReference; lastKnownFileType = text.plist.entitlements; path = HypedListiOSWidgetExtension.entitlements; sourceTree = "<group>"; };
		04ABCE2C285CBFDE00DDADFB /* MainView.swift */ = {isa = PBXFileReference; lastKnownFileType = sourcecode.swift; path = MainView.swift; sourceTree = "<group>"; };
		04ABCE2E285CC0BA00DDADFB /* HypedListSidebarView.swift */ = {isa = PBXFileReference; lastKnownFileType = sourcecode.swift; path = HypedListSidebarView.swift; sourceTree = "<group>"; };
		04ABCE32285D00F900DDADFB /* Hyped List Watch Extension.app */ = {isa = PBXFileReference; explicitFileType = wrapper.application; includeInIndex = 0; path = "Hyped List Watch Extension.app"; sourceTree = BUILT_PRODUCTS_DIR; };
		04ABCE34285D00FA00DDADFB /* Assets.xcassets */ = {isa = PBXFileReference; lastKnownFileType = folder.assetcatalog; path = Assets.xcassets; sourceTree = "<group>"; };
		04ABCE3A285D00FB00DDADFB /* HypedListWatch WatchKit Extension.appex */ = {isa = PBXFileReference; explicitFileType = "wrapper.app-extension"; includeInIndex = 0; path = "HypedListWatch WatchKit Extension.appex"; sourceTree = BUILT_PRODUCTS_DIR; };
		04ABCE3F285D00FB00DDADFB /* ContentView.swift */ = {isa = PBXFileReference; lastKnownFileType = sourcecode.swift; path = ContentView.swift; sourceTree = "<group>"; };
		04ABCE41285D00FB00DDADFB /* HypedListApp.swift */ = {isa = PBXFileReference; lastKnownFileType = sourcecode.swift; path = HypedListApp.swift; sourceTree = "<group>"; };
		04ABCE43285D00FB00DDADFB /* ComplicationController.swift */ = {isa = PBXFileReference; lastKnownFileType = sourcecode.swift; path = ComplicationController.swift; sourceTree = "<group>"; };
		04ABCE45285D00FB00DDADFB /* Assets.xcassets */ = {isa = PBXFileReference; lastKnownFileType = folder.assetcatalog; path = Assets.xcassets; sourceTree = "<group>"; };
		04ABCE48285D00FB00DDADFB /* Preview Assets.xcassets */ = {isa = PBXFileReference; lastKnownFileType = folder.assetcatalog; path = "Preview Assets.xcassets"; sourceTree = "<group>"; };
		04ABCE4A285D00FB00DDADFB /* Info.plist */ = {isa = PBXFileReference; lastKnownFileType = text.plist.xml; path = Info.plist; sourceTree = "<group>"; };
		04ABCE56285D01FA00DDADFB /* HypedEventWatchListView.swift */ = {isa = PBXFileReference; lastKnownFileType = sourcecode.swift; path = HypedEventWatchListView.swift; sourceTree = "<group>"; };
		04ABCE5D285D087700DDADFB /* PhoneToWatchDataController.swift */ = {isa = PBXFileReference; lastKnownFileType = sourcecode.swift; path = PhoneToWatchDataController.swift; sourceTree = "<group>"; };
		04ABCE61285D104400DDADFB /* WatchToPhoneDataController.swift */ = {isa = PBXFileReference; lastKnownFileType = sourcecode.swift; path = WatchToPhoneDataController.swift; sourceTree = "<group>"; };
		04ABCE67285DB29000DDADFB /* HypedListMac.app */ = {isa = PBXFileReference; explicitFileType = wrapper.application; includeInIndex = 0; path = HypedListMac.app; sourceTree = BUILT_PRODUCTS_DIR; };
		04ABCE69285DB29000DDADFB /* HypedListMacApp.swift */ = {isa = PBXFileReference; lastKnownFileType = sourcecode.swift; path = HypedListMacApp.swift; sourceTree = "<group>"; };
		04ABCE6B285DB29000DDADFB /* ContentView.swift */ = {isa = PBXFileReference; lastKnownFileType = sourcecode.swift; path = ContentView.swift; sourceTree = "<group>"; };
		04ABCE6D285DB29200DDADFB /* Assets.xcassets */ = {isa = PBXFileReference; lastKnownFileType = folder.assetcatalog; path = Assets.xcassets; sourceTree = "<group>"; };
		04ABCE70285DB29200DDADFB /* Preview Assets.xcassets */ = {isa = PBXFileReference; lastKnownFileType = folder.assetcatalog; path = "Preview Assets.xcassets"; sourceTree = "<group>"; };
		04ABCE72285DB29200DDADFB /* HypedListMac.entitlements */ = {isa = PBXFileReference; lastKnownFileType = text.plist.entitlements; path = HypedListMac.entitlements; sourceTree = "<group>"; };
		04ABCE89285E617B00DDADFB /* HypedListMacWidgetExtension.appex */ = {isa = PBXFileReference; explicitFileType = "wrapper.app-extension"; includeInIndex = 0; path = HypedListMacWidgetExtension.appex; sourceTree = BUILT_PRODUCTS_DIR; };
		04ABCE8F285E617C00DDADFB /* Assets.xcassets */ = {isa = PBXFileReference; lastKnownFileType = folder.assetcatalog; path = Assets.xcassets; sourceTree = "<group>"; };
		04ABCE91285E617C00DDADFB /* Info.plist */ = {isa = PBXFileReference; lastKnownFileType = text.plist.xml; path = Info.plist; sourceTree = "<group>"; };
		04ABCE92285E617C00DDADFB /* HypedListMacWidget.entitlements */ = {isa = PBXFileReference; lastKnownFileType = text.plist.entitlements; path = HypedListMacWidget.entitlements; sourceTree = "<group>"; };
		04ABCEA5285E6B2C00DDADFB /* HypedListTV.app */ = {isa = PBXFileReference; explicitFileType = wrapper.application; includeInIndex = 0; path = HypedListTV.app; sourceTree = BUILT_PRODUCTS_DIR; };
		04ABCEA7285E6B2D00DDADFB /* HypedListTVApp.swift */ = {isa = PBXFileReference; lastKnownFileType = sourcecode.swift; path = HypedListTVApp.swift; sourceTree = "<group>"; };
		04ABCEA9285E6B2D00DDADFB /* ContentView.swift */ = {isa = PBXFileReference; lastKnownFileType = sourcecode.swift; path = ContentView.swift; sourceTree = "<group>"; };
		04ABCEAB285E6B3800DDADFB /* Assets.xcassets */ = {isa = PBXFileReference; lastKnownFileType = folder.assetcatalog; path = Assets.xcassets; sourceTree = "<group>"; };
		04ABCEAE285E6B3800DDADFB /* Preview Assets.xcassets */ = {isa = PBXFileReference; lastKnownFileType = folder.assetcatalog; path = "Preview Assets.xcassets"; sourceTree = "<group>"; };
		04ABCEB3285E6B4A00DDADFB /* HypedListTV.entitlements */ = {isa = PBXFileReference; lastKnownFileType = text.plist.entitlements; path = HypedListTV.entitlements; sourceTree = "<group>"; };
		04ABCEB4285E6CC700DDADFB /* HypedEventTVListView.swift */ = {isa = PBXFileReference; lastKnownFileType = sourcecode.swift; path = HypedEventTVListView.swift; sourceTree = "<group>"; };
		04B5209328577D5F00AD7C64 /* Hyped List App.app */ = {isa = PBXFileReference; explicitFileType = wrapper.application; includeInIndex = 0; path = "Hyped List App.app"; sourceTree = BUILT_PRODUCTS_DIR; };
		04B5209628577D5F00AD7C64 /* HypedListApp.swift */ = {isa = PBXFileReference; lastKnownFileType = sourcecode.swift; path = HypedListApp.swift; sourceTree = "<group>"; };
		04B5209828577D5F00AD7C64 /* HypedListTabView.swift */ = {isa = PBXFileReference; lastKnownFileType = sourcecode.swift; path = HypedListTabView.swift; sourceTree = "<group>"; };
		04B5209A28577D6200AD7C64 /* Assets.xcassets */ = {isa = PBXFileReference; lastKnownFileType = folder.assetcatalog; path = Assets.xcassets; sourceTree = "<group>"; };
		04B5209D28577D6200AD7C64 /* Preview Assets.xcassets */ = {isa = PBXFileReference; lastKnownFileType = folder.assetcatalog; path = "Preview Assets.xcassets"; sourceTree = "<group>"; };
		04B520A428577EFD00AD7C64 /* UpcomingView.swift */ = {isa = PBXFileReference; lastKnownFileType = sourcecode.swift; path = UpcomingView.swift; sourceTree = "<group>"; };
		04B520A628577F0800AD7C64 /* PastView.swift */ = {isa = PBXFileReference; lastKnownFileType = sourcecode.swift; path = PastView.swift; sourceTree = "<group>"; };
		04B520A828577F1300AD7C64 /* DiscoverView.swift */ = {isa = PBXFileReference; lastKnownFileType = sourcecode.swift; path = DiscoverView.swift; sourceTree = "<group>"; };
		04B520AA285782E800AD7C64 /* CreateHypedEventView.swift */ = {isa = PBXFileReference; lastKnownFileType = sourcecode.swift; path = CreateHypedEventView.swift; sourceTree = "<group>"; };
		04B520AC2857835700AD7C64 /* HypedEvent.swift */ = {isa = PBXFileReference; lastKnownFileType = sourcecode.swift; path = HypedEvent.swift; sourceTree = "<group>"; };
		04B520AE285787E500AD7C64 /* FormLabelView.swift */ = {isa = PBXFileReference; lastKnownFileType = sourcecode.swift; path = FormLabelView.swift; sourceTree = "<group>"; };
		04B520B028578B9200AD7C64 /* ImagePicker.swift */ = {isa = PBXFileReference; lastKnownFileType = sourcecode.swift; path = ImagePicker.swift; sourceTree = "<group>"; };
/* End PBXFileReference section */

/* Begin PBXFrameworksBuildPhase section */
		046AA0E7285C97DA009107C3 /* Frameworks */ = {
			isa = PBXFrameworksBuildPhase;
			buildActionMask = 2147483647;
			files = (
				046AA0EF285C97DA009107C3 /* SwiftUI.framework in Frameworks */,
				046AA0ED285C97DA009107C3 /* WidgetKit.framework in Frameworks */,
				046AA102285C9A7D009107C3 /* UIColorHexSwift in Frameworks */,
				046AA100285C9A7D009107C3 /* SwiftDate in Frameworks */,
			);
			runOnlyForDeploymentPostprocessing = 0;
		};
		04ABCE37285D00FB00DDADFB /* Frameworks */ = {
			isa = PBXFrameworksBuildPhase;
			buildActionMask = 2147483647;
			files = (
				04ABCE5C285D025B00DDADFB /* UIColorHexSwift in Frameworks */,
				04ABCE5A285D025B00DDADFB /* SwiftDate in Frameworks */,
			);
			runOnlyForDeploymentPostprocessing = 0;
		};
		04ABCE64285DB29000DDADFB /* Frameworks */ = {
			isa = PBXFrameworksBuildPhase;
			buildActionMask = 2147483647;
			files = (
				04ABCE7B285DB40900DDADFB /* UIColorHexSwift in Frameworks */,
				04ABCE79285DB40900DDADFB /* SwiftDate in Frameworks */,
			);
			runOnlyForDeploymentPostprocessing = 0;
		};
		04ABCE86285E617B00DDADFB /* Frameworks */ = {
			isa = PBXFrameworksBuildPhase;
			buildActionMask = 2147483647;
			files = (
				04ABCE8B285E617B00DDADFB /* SwiftUI.framework in Frameworks */,
				04ABCE8A285E617B00DDADFB /* WidgetKit.framework in Frameworks */,
				04ABCEA0285E61EA00DDADFB /* UIColorHexSwift in Frameworks */,
				04ABCE9E285E61EA00DDADFB /* SwiftDate in Frameworks */,
			);
			runOnlyForDeploymentPostprocessing = 0;
		};
		04ABCEA2285E6B2C00DDADFB /* Frameworks */ = {
			isa = PBXFrameworksBuildPhase;
			buildActionMask = 2147483647;
			files = (
				04ABCEB9285E6D4E00DDADFB /* UIColorHexSwift in Frameworks */,
				04ABCEB7285E6D4E00DDADFB /* SwiftDate in Frameworks */,
			);
			runOnlyForDeploymentPostprocessing = 0;
		};
		04B5209028577D5F00AD7C64 /* Frameworks */ = {
			isa = PBXFrameworksBuildPhase;
			buildActionMask = 2147483647;
			files = (
				046AA0E1285BA69C009107C3 /* UIColorHexSwift in Frameworks */,
				046AA0DA285B8FD8009107C3 /* SwiftDate in Frameworks */,
			);
			runOnlyForDeploymentPostprocessing = 0;
		};
/* End PBXFrameworksBuildPhase section */

/* Begin PBXGroup section */
		046AA0DD285B9E89009107C3 /* Data */ = {
			isa = PBXGroup;
			children = (
				04B520AC2857835700AD7C64 /* HypedEvent.swift */,
				046AA0DB285B92EA009107C3 /* DataController.swift */,
				04ABCE5D285D087700DDADFB /* PhoneToWatchDataController.swift */,
			);
			path = Data;
			sourceTree = "<group>";
		};
		046AA0DE285B9EA4009107C3 /* Views */ = {
			isa = PBXGroup;
			children = (
				04B520A828577F1300AD7C64 /* DiscoverView.swift */,
				04B520A428577EFD00AD7C64 /* UpcomingView.swift */,
				04B520A628577F0800AD7C64 /* PastView.swift */,
				04B520AA285782E800AD7C64 /* CreateHypedEventView.swift */,
				046AA0D6285B82B4009107C3 /* HypedEventTileView.swift */,
				046AA0E2285BAD3E009107C3 /* HypedEventListView.swift */,
				04B520AE285787E500AD7C64 /* FormLabelView.swift */,
				046AA0E4285BE0B3009107C3 /* HypedEventDetailView.swift */,
				04B520B028578B9200AD7C64 /* ImagePicker.swift */,
			);
			path = Views;
			sourceTree = "<group>";
		};
		046AA0EB285C97DA009107C3 /* Frameworks */ = {
			isa = PBXGroup;
			children = (
				046AA0EC285C97DA009107C3 /* WidgetKit.framework */,
				046AA0EE285C97DA009107C3 /* SwiftUI.framework */,
			);
			name = Frameworks;
			sourceTree = "<group>";
		};
		046AA0F0285C97DA009107C3 /* HypedListiOSWidget */ = {
			isa = PBXGroup;
			children = (
				046AA0F1285C97DA009107C3 /* HypedListiOSWidget.swift */,
				046AA0F3285C97DC009107C3 /* Assets.xcassets */,
				046AA0F5285C97DC009107C3 /* Info.plist */,
			);
			path = HypedListiOSWidget;
			sourceTree = "<group>";
		};
		04ABCE33285D00F900DDADFB /* HypedListWatch */ = {
			isa = PBXGroup;
			children = (
				04ABCE34285D00FA00DDADFB /* Assets.xcassets */,
			);
			path = HypedListWatch;
			sourceTree = "<group>";
		};
		04ABCE3E285D00FB00DDADFB /* HypedListWatch WatchKit Extension */ = {
			isa = PBXGroup;
			children = (
				04ABCE3F285D00FB00DDADFB /* ContentView.swift */,
				04ABCE41285D00FB00DDADFB /* HypedListApp.swift */,
				04ABCE43285D00FB00DDADFB /* ComplicationController.swift */,
				04ABCE45285D00FB00DDADFB /* Assets.xcassets */,
				04ABCE4A285D00FB00DDADFB /* Info.plist */,
				04ABCE47285D00FB00DDADFB /* Preview Content */,
				04ABCE56285D01FA00DDADFB /* HypedEventWatchListView.swift */,
				04ABCE61285D104400DDADFB /* WatchToPhoneDataController.swift */,
			);
			path = "HypedListWatch WatchKit Extension";
			sourceTree = "<group>";
		};
		04ABCE47285D00FB00DDADFB /* Preview Content */ = {
			isa = PBXGroup;
			children = (
				04ABCE48285D00FB00DDADFB /* Preview Assets.xcassets */,
			);
			path = "Preview Content";
			sourceTree = "<group>";
		};
		04ABCE68285DB29000DDADFB /* HypedListMac */ = {
			isa = PBXGroup;
			children = (
				04ABCE69285DB29000DDADFB /* HypedListMacApp.swift */,
				04ABCE6B285DB29000DDADFB /* ContentView.swift */,
				04ABCE6D285DB29200DDADFB /* Assets.xcassets */,
				04ABCE72285DB29200DDADFB /* HypedListMac.entitlements */,
				04ABCE6F285DB29200DDADFB /* Preview Content */,
			);
			path = HypedListMac;
			sourceTree = "<group>";
		};
		04ABCE6F285DB29200DDADFB /* Preview Content */ = {
			isa = PBXGroup;
			children = (
				04ABCE70285DB29200DDADFB /* Preview Assets.xcassets */,
			);
			path = "Preview Content";
			sourceTree = "<group>";
		};
		04ABCE8C285E617B00DDADFB /* HypedListMacWidget */ = {
			isa = PBXGroup;
			children = (
				04ABCE8F285E617C00DDADFB /* Assets.xcassets */,
				04ABCE91285E617C00DDADFB /* Info.plist */,
				04ABCE92285E617C00DDADFB /* HypedListMacWidget.entitlements */,
			);
			path = HypedListMacWidget;
			sourceTree = "<group>";
		};
		04ABCEA6285E6B2D00DDADFB /* HypedListTV */ = {
			isa = PBXGroup;
			children = (
				04ABCEB4285E6CC700DDADFB /* HypedEventTVListView.swift */,
				04ABCEB3285E6B4A00DDADFB /* HypedListTV.entitlements */,
				04ABCEA7285E6B2D00DDADFB /* HypedListTVApp.swift */,
				04ABCEA9285E6B2D00DDADFB /* ContentView.swift */,
				04ABCEAB285E6B3800DDADFB /* Assets.xcassets */,
				04ABCEAD285E6B3800DDADFB /* Preview Content */,
			);
			path = HypedListTV;
			sourceTree = "<group>";
		};
		04ABCEAD285E6B3800DDADFB /* Preview Content */ = {
			isa = PBXGroup;
			children = (
				04ABCEAE285E6B3800DDADFB /* Preview Assets.xcassets */,
			);
			path = "Preview Content";
			sourceTree = "<group>";
		};
		04B5208A28577D5F00AD7C64 = {
			isa = PBXGroup;
			children = (
				04ABCE2B285CA4C400DDADFB /* HypedListiOSWidgetExtension.entitlements */,
				04ABCE2A285CA46700DDADFB /* HypedListiOS.entitlements */,
				04B5209528577D5F00AD7C64 /* HypedList */,
				046AA0F0285C97DA009107C3 /* HypedListiOSWidget */,
				04ABCE33285D00F900DDADFB /* HypedListWatch */,
				04ABCE3E285D00FB00DDADFB /* HypedListWatch WatchKit Extension */,
				04ABCE68285DB29000DDADFB /* HypedListMac */,
				04ABCE8C285E617B00DDADFB /* HypedListMacWidget */,
				04ABCEA6285E6B2D00DDADFB /* HypedListTV */,
				046AA0EB285C97DA009107C3 /* Frameworks */,
				04B5209428577D5F00AD7C64 /* Products */,
			);
			sourceTree = "<group>";
		};
		04B5209428577D5F00AD7C64 /* Products */ = {
			isa = PBXGroup;
			children = (
				04B5209328577D5F00AD7C64 /* Hyped List App.app */,
				046AA0EA285C97DA009107C3 /* HypedListiOSWidgetExtension.appex */,
				04ABCE32285D00F900DDADFB /* Hyped List Watch Extension.app */,
				04ABCE3A285D00FB00DDADFB /* HypedListWatch WatchKit Extension.appex */,
				04ABCE67285DB29000DDADFB /* HypedListMac.app */,
				04ABCE89285E617B00DDADFB /* HypedListMacWidgetExtension.appex */,
				04ABCEA5285E6B2C00DDADFB /* HypedListTV.app */,
			);
			name = Products;
			sourceTree = "<group>";
		};
		04B5209528577D5F00AD7C64 /* HypedList */ = {
			isa = PBXGroup;
			children = (
				04ABCE2C285CBFDE00DDADFB /* MainView.swift */,
				04ABCE2E285CC0BA00DDADFB /* HypedListSidebarView.swift */,
				04B5209628577D5F00AD7C64 /* HypedListApp.swift */,
				04B5209828577D5F00AD7C64 /* HypedListTabView.swift */,
				046AA0DE285B9EA4009107C3 /* Views */,
				046AA0DD285B9E89009107C3 /* Data */,
				04B5209A28577D6200AD7C64 /* Assets.xcassets */,
				04B5209C28577D6200AD7C64 /* Preview Content */,
			);
			path = HypedList;
			sourceTree = "<group>";
		};
		04B5209C28577D6200AD7C64 /* Preview Content */ = {
			isa = PBXGroup;
			children = (
				04B5209D28577D6200AD7C64 /* Preview Assets.xcassets */,
			);
			path = "Preview Content";
			sourceTree = "<group>";
		};
/* End PBXGroup section */

/* Begin PBXNativeTarget section */
		046AA0E9285C97DA009107C3 /* HypedListiOSWidgetExtension */ = {
			isa = PBXNativeTarget;
			buildConfigurationList = 046AA0F9285C97DC009107C3 /* Build configuration list for PBXNativeTarget "HypedListiOSWidgetExtension" */;
			buildPhases = (
				046AA0E6285C97DA009107C3 /* Sources */,
				046AA0E7285C97DA009107C3 /* Frameworks */,
				046AA0E8285C97DA009107C3 /* Resources */,
			);
			buildRules = (
			);
			dependencies = (
			);
			name = HypedListiOSWidgetExtension;
			packageProductDependencies = (
				046AA0FF285C9A7D009107C3 /* SwiftDate */,
				046AA101285C9A7D009107C3 /* UIColorHexSwift */,
			);
			productName = HypedListiOSWidgetExtension;
			productReference = 046AA0EA285C97DA009107C3 /* HypedListiOSWidgetExtension.appex */;
			productType = "com.apple.product-type.app-extension";
		};
		04ABCE31285D00F900DDADFB /* HypedListWatch */ = {
			isa = PBXNativeTarget;
			buildConfigurationList = 04ABCE52285D00FB00DDADFB /* Build configuration list for PBXNativeTarget "HypedListWatch" */;
			buildPhases = (
				04ABCE30285D00F900DDADFB /* Resources */,
				04ABCE51285D00FB00DDADFB /* Embed App Extensions */,
			);
			buildRules = (
			);
			dependencies = (
				04ABCE3D285D00FB00DDADFB /* PBXTargetDependency */,
			);
			name = HypedListWatch;
			productName = HypedListWatch;
			productReference = 04ABCE32285D00F900DDADFB /* Hyped List Watch Extension.app */;
			productType = "com.apple.product-type.application.watchapp2";
		};
		04ABCE39285D00FB00DDADFB /* HypedListWatch WatchKit Extension */ = {
			isa = PBXNativeTarget;
			buildConfigurationList = 04ABCE4E285D00FB00DDADFB /* Build configuration list for PBXNativeTarget "HypedListWatch WatchKit Extension" */;
			buildPhases = (
				04ABCE36285D00FB00DDADFB /* Sources */,
				04ABCE37285D00FB00DDADFB /* Frameworks */,
				04ABCE38285D00FB00DDADFB /* Resources */,
			);
			buildRules = (
			);
			dependencies = (
			);
			name = "HypedListWatch WatchKit Extension";
			packageProductDependencies = (
				04ABCE59285D025B00DDADFB /* SwiftDate */,
				04ABCE5B285D025B00DDADFB /* UIColorHexSwift */,
			);
			productName = "HypedListWatch WatchKit Extension";
			productReference = 04ABCE3A285D00FB00DDADFB /* HypedListWatch WatchKit Extension.appex */;
			productType = "com.apple.product-type.watchkit2-extension";
		};
		04ABCE66285DB29000DDADFB /* HypedListMac */ = {
			isa = PBXNativeTarget;
			buildConfigurationList = 04ABCE73285DB29200DDADFB /* Build configuration list for PBXNativeTarget "HypedListMac" */;
			buildPhases = (
				04ABCE63285DB29000DDADFB /* Sources */,
				04ABCE64285DB29000DDADFB /* Frameworks */,
				04ABCE65285DB29000DDADFB /* Resources */,
				04ABCE99285E617C00DDADFB /* Embed App Extensions */,
			);
			buildRules = (
			);
			dependencies = (
				04ABCE94285E617C00DDADFB /* PBXTargetDependency */,
			);
			name = HypedListMac;
			packageProductDependencies = (
				04ABCE78285DB40900DDADFB /* SwiftDate */,
				04ABCE7A285DB40900DDADFB /* UIColorHexSwift */,
			);
			productName = HypedListMac;
			productReference = 04ABCE67285DB29000DDADFB /* HypedListMac.app */;
			productType = "com.apple.product-type.application";
		};
		04ABCE88285E617B00DDADFB /* HypedListMacWidgetExtension */ = {
			isa = PBXNativeTarget;
			buildConfigurationList = 04ABCE96285E617C00DDADFB /* Build configuration list for PBXNativeTarget "HypedListMacWidgetExtension" */;
			buildPhases = (
				04ABCE85285E617B00DDADFB /* Sources */,
				04ABCE86285E617B00DDADFB /* Frameworks */,
				04ABCE87285E617B00DDADFB /* Resources */,
			);
			buildRules = (
			);
			dependencies = (
			);
			name = HypedListMacWidgetExtension;
			packageProductDependencies = (
				04ABCE9D285E61EA00DDADFB /* SwiftDate */,
				04ABCE9F285E61EA00DDADFB /* UIColorHexSwift */,
			);
			productName = HypedListMacWidgetExtension;
			productReference = 04ABCE89285E617B00DDADFB /* HypedListMacWidgetExtension.appex */;
			productType = "com.apple.product-type.app-extension";
		};
		04ABCEA4285E6B2C00DDADFB /* HypedListTV */ = {
			isa = PBXNativeTarget;
			buildConfigurationList = 04ABCEB0285E6B3900DDADFB /* Build configuration list for PBXNativeTarget "HypedListTV" */;
			buildPhases = (
				04ABCEA1285E6B2C00DDADFB /* Sources */,
				04ABCEA2285E6B2C00DDADFB /* Frameworks */,
				04ABCEA3285E6B2C00DDADFB /* Resources */,
			);
			buildRules = (
			);
			dependencies = (
			);
			name = HypedListTV;
			packageProductDependencies = (
				04ABCEB6285E6D4E00DDADFB /* SwiftDate */,
				04ABCEB8285E6D4E00DDADFB /* UIColorHexSwift */,
			);
			productName = HypedListTV;
			productReference = 04ABCEA5285E6B2C00DDADFB /* HypedListTV.app */;
			productType = "com.apple.product-type.application";
		};
		04B5209228577D5F00AD7C64 /* HypedListiOS */ = {
			isa = PBXNativeTarget;
			buildConfigurationList = 04B520A128577D6200AD7C64 /* Build configuration list for PBXNativeTarget "HypedListiOS" */;
			buildPhases = (
				04B5208F28577D5F00AD7C64 /* Sources */,
				04B5209028577D5F00AD7C64 /* Frameworks */,
				04B5209128577D5F00AD7C64 /* Resources */,
				046AA0FC285C97DC009107C3 /* Embed App Extensions */,
				04ABCE55285D00FB00DDADFB /* Embed Watch Content */,
			);
			buildRules = (
			);
			dependencies = (
				046AA0F7285C97DC009107C3 /* PBXTargetDependency */,
				04ABCE4C285D00FB00DDADFB /* PBXTargetDependency */,
			);
			name = HypedListiOS;
			packageProductDependencies = (
				046AA0D9285B8FD8009107C3 /* SwiftDate */,
				046AA0E0285BA69C009107C3 /* UIColorHexSwift */,
			);
			productName = HypedList;
			productReference = 04B5209328577D5F00AD7C64 /* Hyped List App.app */;
			productType = "com.apple.product-type.application";
		};
/* End PBXNativeTarget section */

/* Begin PBXProject section */
		04B5208B28577D5F00AD7C64 /* Project object */ = {
			isa = PBXProject;
			attributes = {
				BuildIndependentTargetsInParallel = 1;
				LastSwiftUpdateCheck = 1340;
				LastUpgradeCheck = 1330;
				TargetAttributes = {
					046AA0E9285C97DA009107C3 = {
						CreatedOnToolsVersion = 13.4.1;
					};
					04ABCE31285D00F900DDADFB = {
						CreatedOnToolsVersion = 13.4.1;
					};
					04ABCE39285D00FB00DDADFB = {
						CreatedOnToolsVersion = 13.4.1;
					};
					04ABCE66285DB29000DDADFB = {
						CreatedOnToolsVersion = 13.4.1;
					};
					04ABCE88285E617B00DDADFB = {
						CreatedOnToolsVersion = 13.4.1;
					};
					04ABCEA4285E6B2C00DDADFB = {
						CreatedOnToolsVersion = 13.4.1;
					};
					04B5209228577D5F00AD7C64 = {
						CreatedOnToolsVersion = 13.3.1;
					};
				};
			};
			buildConfigurationList = 04B5208E28577D5F00AD7C64 /* Build configuration list for PBXProject "HypedList" */;
			compatibilityVersion = "Xcode 13.0";
			developmentRegion = en;
			hasScannedForEncodings = 0;
			knownRegions = (
				en,
				Base,
			);
			mainGroup = 04B5208A28577D5F00AD7C64;
			packageReferences = (
				046AA0D8285B8FD8009107C3 /* XCRemoteSwiftPackageReference "SwiftDate" */,
				046AA0DF285BA69B009107C3 /* XCRemoteSwiftPackageReference "UIColor-Hex-Swift" */,
			);
			productRefGroup = 04B5209428577D5F00AD7C64 /* Products */;
			projectDirPath = "";
			projectRoot = "";
			targets = (
				04B5209228577D5F00AD7C64 /* HypedListiOS */,
				046AA0E9285C97DA009107C3 /* HypedListiOSWidgetExtension */,
				04ABCE31285D00F900DDADFB /* HypedListWatch */,
				04ABCE39285D00FB00DDADFB /* HypedListWatch WatchKit Extension */,
				04ABCE66285DB29000DDADFB /* HypedListMac */,
				04ABCE88285E617B00DDADFB /* HypedListMacWidgetExtension */,
				04ABCEA4285E6B2C00DDADFB /* HypedListTV */,
			);
		};
/* End PBXProject section */

/* Begin PBXResourcesBuildPhase section */
		046AA0E8285C97DA009107C3 /* Resources */ = {
			isa = PBXResourcesBuildPhase;
			buildActionMask = 2147483647;
			files = (
				046AA0F4285C97DC009107C3 /* Assets.xcassets in Resources */,
			);
			runOnlyForDeploymentPostprocessing = 0;
		};
		04ABCE30285D00F900DDADFB /* Resources */ = {
			isa = PBXResourcesBuildPhase;
			buildActionMask = 2147483647;
			files = (
				04ABCE35285D00FA00DDADFB /* Assets.xcassets in Resources */,
			);
			runOnlyForDeploymentPostprocessing = 0;
		};
		04ABCE38285D00FB00DDADFB /* Resources */ = {
			isa = PBXResourcesBuildPhase;
			buildActionMask = 2147483647;
			files = (
				04ABCE49285D00FB00DDADFB /* Preview Assets.xcassets in Resources */,
				04ABCE46285D00FB00DDADFB /* Assets.xcassets in Resources */,
			);
			runOnlyForDeploymentPostprocessing = 0;
		};
		04ABCE65285DB29000DDADFB /* Resources */ = {
			isa = PBXResourcesBuildPhase;
			buildActionMask = 2147483647;
			files = (
				04ABCE71285DB29200DDADFB /* Preview Assets.xcassets in Resources */,
				04ABCE6E285DB29200DDADFB /* Assets.xcassets in Resources */,
			);
			runOnlyForDeploymentPostprocessing = 0;
		};
		04ABCE87285E617B00DDADFB /* Resources */ = {
			isa = PBXResourcesBuildPhase;
			buildActionMask = 2147483647;
			files = (
				04ABCE90285E617C00DDADFB /* Assets.xcassets in Resources */,
			);
			runOnlyForDeploymentPostprocessing = 0;
		};
		04ABCEA3285E6B2C00DDADFB /* Resources */ = {
			isa = PBXResourcesBuildPhase;
			buildActionMask = 2147483647;
			files = (
				04ABCEAF285E6B3800DDADFB /* Preview Assets.xcassets in Resources */,
				04ABCEAC285E6B3800DDADFB /* Assets.xcassets in Resources */,
			);
			runOnlyForDeploymentPostprocessing = 0;
		};
		04B5209128577D5F00AD7C64 /* Resources */ = {
			isa = PBXResourcesBuildPhase;
			buildActionMask = 2147483647;
			files = (
				04B5209E28577D6200AD7C64 /* Preview Assets.xcassets in Resources */,
				04B5209B28577D6200AD7C64 /* Assets.xcassets in Resources */,
			);
			runOnlyForDeploymentPostprocessing = 0;
		};
/* End PBXResourcesBuildPhase section */

/* Begin PBXSourcesBuildPhase section */
		046AA0E6285C97DA009107C3 /* Sources */ = {
			isa = PBXSourcesBuildPhase;
			buildActionMask = 2147483647;
			files = (
				046AA0F2285C97DA009107C3 /* HypedListiOSWidget.swift in Sources */,
				046AA0FE285C9A4E009107C3 /* DataController.swift in Sources */,
				04ABCE60285D0CC100DDADFB /* PhoneToWatchDataController.swift in Sources */,
				046AA0FD285C99FA009107C3 /* HypedEvent.swift in Sources */,
			);
			runOnlyForDeploymentPostprocessing = 0;
		};
		04ABCE36285D00FB00DDADFB /* Sources */ = {
			isa = PBXSourcesBuildPhase;
			buildActionMask = 2147483647;
			files = (
				04ABCE62285D104400DDADFB /* WatchToPhoneDataController.swift in Sources */,
				04ABCE42285D00FB00DDADFB /* HypedListApp.swift in Sources */,
				04ABCE58285D021A00DDADFB /* HypedEvent.swift in Sources */,
				04ABCE40285D00FB00DDADFB /* ContentView.swift in Sources */,
				04ABCE57285D01FA00DDADFB /* HypedEventWatchListView.swift in Sources */,
				04ABCE44285D00FB00DDADFB /* ComplicationController.swift in Sources */,
			);
			runOnlyForDeploymentPostprocessing = 0;
		};
		04ABCE63285DB29000DDADFB /* Sources */ = {
			isa = PBXSourcesBuildPhase;
			buildActionMask = 2147483647;
			files = (
				04ABCE83285DB48400DDADFB /* HypedEventTileView.swift in Sources */,
				04ABCE7E285DB48400DDADFB /* UpcomingView.swift in Sources */,
				04ABCE80285DB48400DDADFB /* FormLabelView.swift in Sources */,
				04ABCE6C285DB29000DDADFB /* ContentView.swift in Sources */,
				04ABCE7C285DB48400DDADFB /* CreateHypedEventView.swift in Sources */,
				04ABCE7D285DB48400DDADFB /* PastView.swift in Sources */,
				04ABCE76285DB35700DDADFB /* DataController.swift in Sources */,
				04ABCE82285DB48400DDADFB /* HypedEventListView.swift in Sources */,
				04ABCE6A285DB29000DDADFB /* HypedListMacApp.swift in Sources */,
				04ABCE84285DB77B00DDADFB /* HypedListSidebarView.swift in Sources */,
				04ABCE81285DB48400DDADFB /* HypedEventDetailView.swift in Sources */,
				04ABCE77285DB39C00DDADFB /* HypedEvent.swift in Sources */,
				04ABCE7F285DB48400DDADFB /* DiscoverView.swift in Sources */,
			);
			runOnlyForDeploymentPostprocessing = 0;
		};
		04ABCE85285E617B00DDADFB /* Sources */ = {
			isa = PBXSourcesBuildPhase;
			buildActionMask = 2147483647;
			files = (
				04ABCE9C285E61CE00DDADFB /* HypedEvent.swift in Sources */,
				04ABCE9A285E61AC00DDADFB /* HypedListiOSWidget.swift in Sources */,
				04ABCE9B285E61C300DDADFB /* DataController.swift in Sources */,
			);
			runOnlyForDeploymentPostprocessing = 0;
		};
		04ABCEA1285E6B2C00DDADFB /* Sources */ = {
			isa = PBXSourcesBuildPhase;
			buildActionMask = 2147483647;
			files = (
				04ABCEBC285E6E3400DDADFB /* HypedEventTileView.swift in Sources */,
				04ABCEAA285E6B2D00DDADFB /* ContentView.swift in Sources */,
				04ABCEBB285E6D6000DDADFB /* HypedEvent.swift in Sources */,
				04ABCEBA285E6D6000DDADFB /* DataController.swift in Sources */,
				04ABCEA8285E6B2D00DDADFB /* HypedListTVApp.swift in Sources */,
				04ABCEB5285E6CC800DDADFB /* HypedEventTVListView.swift in Sources */,
			);
			runOnlyForDeploymentPostprocessing = 0;
		};
		04B5208F28577D5F00AD7C64 /* Sources */ = {
			isa = PBXSourcesBuildPhase;
			buildActionMask = 2147483647;
			files = (
				04B520A728577F0800AD7C64 /* PastView.swift in Sources */,
				04ABCE2D285CBFDE00DDADFB /* MainView.swift in Sources */,
				04B5209928577D5F00AD7C64 /* HypedListTabView.swift in Sources */,
				046AA0E3285BAD3E009107C3 /* HypedEventListView.swift in Sources */,
				04ABCE2F285CC0BA00DDADFB /* HypedListSidebarView.swift in Sources */,
				04B520AB285782E800AD7C64 /* CreateHypedEventView.swift in Sources */,
				04B520B128578B9200AD7C64 /* ImagePicker.swift in Sources */,
				046AA0E5285BE0B3009107C3 /* HypedEventDetailView.swift in Sources */,
				04B520A928577F1300AD7C64 /* DiscoverView.swift in Sources */,
				046AA0DC285B92EA009107C3 /* DataController.swift in Sources */,
				04ABCE5F285D088C00DDADFB /* PhoneToWatchDataController.swift in Sources */,
				04B520AD2857835700AD7C64 /* HypedEvent.swift in Sources */,
				04B520AF285787E500AD7C64 /* FormLabelView.swift in Sources */,
				04B5209728577D5F00AD7C64 /* HypedListApp.swift in Sources */,
				046AA0D7285B82B4009107C3 /* HypedEventTileView.swift in Sources */,
				04B520A528577EFD00AD7C64 /* UpcomingView.swift in Sources */,
			);
			runOnlyForDeploymentPostprocessing = 0;
		};
/* End PBXSourcesBuildPhase section */

/* Begin PBXTargetDependency section */
		046AA0F7285C97DC009107C3 /* PBXTargetDependency */ = {
			isa = PBXTargetDependency;
			target = 046AA0E9285C97DA009107C3 /* HypedListiOSWidgetExtension */;
			targetProxy = 046AA0F6285C97DC009107C3 /* PBXContainerItemProxy */;
		};
		04ABCE3D285D00FB00DDADFB /* PBXTargetDependency */ = {
			isa = PBXTargetDependency;
			target = 04ABCE39285D00FB00DDADFB /* HypedListWatch WatchKit Extension */;
			targetProxy = 04ABCE3C285D00FB00DDADFB /* PBXContainerItemProxy */;
		};
		04ABCE4C285D00FB00DDADFB /* PBXTargetDependency */ = {
			isa = PBXTargetDependency;
			target = 04ABCE31285D00F900DDADFB /* HypedListWatch */;
			targetProxy = 04ABCE4B285D00FB00DDADFB /* PBXContainerItemProxy */;
		};
		04ABCE94285E617C00DDADFB /* PBXTargetDependency */ = {
			isa = PBXTargetDependency;
			target = 04ABCE88285E617B00DDADFB /* HypedListMacWidgetExtension */;
			targetProxy = 04ABCE93285E617C00DDADFB /* PBXContainerItemProxy */;
		};
/* End PBXTargetDependency section */

/* Begin XCBuildConfiguration section */
		046AA0FA285C97DC009107C3 /* Debug */ = {
			isa = XCBuildConfiguration;
			buildSettings = {
				ASSETCATALOG_COMPILER_GLOBAL_ACCENT_COLOR_NAME = AccentColor;
				ASSETCATALOG_COMPILER_WIDGET_BACKGROUND_COLOR_NAME = WidgetBackground;
				CODE_SIGN_ENTITLEMENTS = HypedListiOSWidgetExtension.entitlements;
				CODE_SIGN_STYLE = Automatic;
				CURRENT_PROJECT_VERSION = 1;
				DEVELOPMENT_TEAM = RT32ZWV93X;
				GENERATE_INFOPLIST_FILE = YES;
				INFOPLIST_FILE = HypedListiOSWidget/Info.plist;
				INFOPLIST_KEY_CFBundleDisplayName = HypedListiOSWidget;
				INFOPLIST_KEY_NSHumanReadableCopyright = "";
				IPHONEOS_DEPLOYMENT_TARGET = 15.5;
				LD_RUNPATH_SEARCH_PATHS = (
					"$(inherited)",
					"@executable_path/Frameworks",
					"@executable_path/../../Frameworks",
				);
				MARKETING_VERSION = 1.0;
				PRODUCT_BUNDLE_IDENTIFIER = au.com.bitpointx.HypedList.HypedListiOSWidget;
				PRODUCT_NAME = "$(TARGET_NAME)";
				SKIP_INSTALL = YES;
				SWIFT_EMIT_LOC_STRINGS = YES;
				SWIFT_VERSION = 5.0;
				TARGETED_DEVICE_FAMILY = "1,2";
			};
			name = Debug;
		};
		046AA0FB285C97DC009107C3 /* Release */ = {
			isa = XCBuildConfiguration;
			buildSettings = {
				ASSETCATALOG_COMPILER_GLOBAL_ACCENT_COLOR_NAME = AccentColor;
				ASSETCATALOG_COMPILER_WIDGET_BACKGROUND_COLOR_NAME = WidgetBackground;
				CODE_SIGN_ENTITLEMENTS = HypedListiOSWidgetExtension.entitlements;
				CODE_SIGN_STYLE = Automatic;
				CURRENT_PROJECT_VERSION = 1;
				DEVELOPMENT_TEAM = RT32ZWV93X;
				GENERATE_INFOPLIST_FILE = YES;
				INFOPLIST_FILE = HypedListiOSWidget/Info.plist;
				INFOPLIST_KEY_CFBundleDisplayName = HypedListiOSWidget;
				INFOPLIST_KEY_NSHumanReadableCopyright = "";
				IPHONEOS_DEPLOYMENT_TARGET = 15.5;
				LD_RUNPATH_SEARCH_PATHS = (
					"$(inherited)",
					"@executable_path/Frameworks",
					"@executable_path/../../Frameworks",
				);
				MARKETING_VERSION = 1.0;
				PRODUCT_BUNDLE_IDENTIFIER = au.com.bitpointx.HypedList.HypedListiOSWidget;
				PRODUCT_NAME = "$(TARGET_NAME)";
				SKIP_INSTALL = YES;
				SWIFT_EMIT_LOC_STRINGS = YES;
				SWIFT_VERSION = 5.0;
				TARGETED_DEVICE_FAMILY = "1,2";
			};
			name = Release;
		};
		04ABCE4F285D00FB00DDADFB /* Debug */ = {
			isa = XCBuildConfiguration;
			buildSettings = {
				ASSETCATALOG_COMPILER_COMPLICATION_NAME = Complication;
				CODE_SIGN_STYLE = Automatic;
				CURRENT_PROJECT_VERSION = 1;
				DEVELOPMENT_ASSET_PATHS = "\"HypedListWatch WatchKit Extension/Preview Content\"";
				DEVELOPMENT_TEAM = RT32ZWV93X;
				ENABLE_PREVIEWS = YES;
				GENERATE_INFOPLIST_FILE = YES;
				INFOPLIST_FILE = "HypedListWatch WatchKit Extension/Info.plist";
				INFOPLIST_KEY_CFBundleDisplayName = "Hyped List Watch";
				INFOPLIST_KEY_CLKComplicationPrincipalClass = HypedListWatch_WatchKit_Extension.ComplicationController;
				INFOPLIST_KEY_NSHumanReadableCopyright = "";
				LD_RUNPATH_SEARCH_PATHS = (
					"$(inherited)",
					"@executable_path/Frameworks",
					"@executable_path/../../Frameworks",
				);
				MARKETING_VERSION = 1.0;
				PRODUCT_BUNDLE_IDENTIFIER = au.com.bitpointx.HypedList.watchkitapp.watchkitextension;
				PRODUCT_NAME = "${TARGET_NAME}";
				SDKROOT = watchos;
				SKIP_INSTALL = YES;
				SWIFT_EMIT_LOC_STRINGS = YES;
				SWIFT_VERSION = 5.0;
				TARGETED_DEVICE_FAMILY = 4;
				WATCHOS_DEPLOYMENT_TARGET = 8.5;
			};
			name = Debug;
		};
		04ABCE50285D00FB00DDADFB /* Release */ = {
			isa = XCBuildConfiguration;
			buildSettings = {
				ASSETCATALOG_COMPILER_COMPLICATION_NAME = Complication;
				CODE_SIGN_STYLE = Automatic;
				CURRENT_PROJECT_VERSION = 1;
				DEVELOPMENT_ASSET_PATHS = "\"HypedListWatch WatchKit Extension/Preview Content\"";
				DEVELOPMENT_TEAM = RT32ZWV93X;
				ENABLE_PREVIEWS = YES;
				GENERATE_INFOPLIST_FILE = YES;
				INFOPLIST_FILE = "HypedListWatch WatchKit Extension/Info.plist";
				INFOPLIST_KEY_CFBundleDisplayName = "Hyped List Watch";
				INFOPLIST_KEY_CLKComplicationPrincipalClass = HypedListWatch_WatchKit_Extension.ComplicationController;
				INFOPLIST_KEY_NSHumanReadableCopyright = "";
				LD_RUNPATH_SEARCH_PATHS = (
					"$(inherited)",
					"@executable_path/Frameworks",
					"@executable_path/../../Frameworks",
				);
				MARKETING_VERSION = 1.0;
				PRODUCT_BUNDLE_IDENTIFIER = au.com.bitpointx.HypedList.watchkitapp.watchkitextension;
				PRODUCT_NAME = "${TARGET_NAME}";
				SDKROOT = watchos;
				SKIP_INSTALL = YES;
				SWIFT_EMIT_LOC_STRINGS = YES;
				SWIFT_VERSION = 5.0;
				TARGETED_DEVICE_FAMILY = 4;
				WATCHOS_DEPLOYMENT_TARGET = 8.5;
			};
			name = Release;
		};
		04ABCE53285D00FB00DDADFB /* Debug */ = {
			isa = XCBuildConfiguration;
			buildSettings = {
				ALWAYS_EMBED_SWIFT_STANDARD_LIBRARIES = YES;
				ASSETCATALOG_COMPILER_APPICON_NAME = AppIcon;
				ASSETCATALOG_COMPILER_GLOBAL_ACCENT_COLOR_NAME = AccentColor;
				CODE_SIGN_STYLE = Automatic;
				CURRENT_PROJECT_VERSION = 1;
				DEVELOPMENT_TEAM = RT32ZWV93X;
				GENERATE_INFOPLIST_FILE = YES;
				IBSC_MODULE = HypedListWatch_WatchKit_Extension;
				INFOPLIST_KEY_UISupportedInterfaceOrientations = "UIInterfaceOrientationPortrait UIInterfaceOrientationPortraitUpsideDown";
				INFOPLIST_KEY_WKCompanionAppBundleIdentifier = au.com.bitpointx.HypedList;
				MARKETING_VERSION = 1.0;
				PRODUCT_BUNDLE_IDENTIFIER = au.com.bitpointx.HypedList.watchkitapp;
				PRODUCT_NAME = "Hyped List Watch Extension";
				SDKROOT = watchos;
				SKIP_INSTALL = YES;
				SWIFT_EMIT_LOC_STRINGS = YES;
				SWIFT_VERSION = 5.0;
				TARGETED_DEVICE_FAMILY = 4;
				WATCHOS_DEPLOYMENT_TARGET = 8.5;
			};
			name = Debug;
		};
		04ABCE54285D00FB00DDADFB /* Release */ = {
			isa = XCBuildConfiguration;
			buildSettings = {
				ALWAYS_EMBED_SWIFT_STANDARD_LIBRARIES = YES;
				ASSETCATALOG_COMPILER_APPICON_NAME = AppIcon;
				ASSETCATALOG_COMPILER_GLOBAL_ACCENT_COLOR_NAME = AccentColor;
				CODE_SIGN_STYLE = Automatic;
				CURRENT_PROJECT_VERSION = 1;
				DEVELOPMENT_TEAM = RT32ZWV93X;
				GENERATE_INFOPLIST_FILE = YES;
				IBSC_MODULE = HypedListWatch_WatchKit_Extension;
				INFOPLIST_KEY_UISupportedInterfaceOrientations = "UIInterfaceOrientationPortrait UIInterfaceOrientationPortraitUpsideDown";
				INFOPLIST_KEY_WKCompanionAppBundleIdentifier = au.com.bitpointx.HypedList;
				MARKETING_VERSION = 1.0;
				PRODUCT_BUNDLE_IDENTIFIER = au.com.bitpointx.HypedList.watchkitapp;
				PRODUCT_NAME = "Hyped List Watch Extension";
				SDKROOT = watchos;
				SKIP_INSTALL = YES;
				SWIFT_EMIT_LOC_STRINGS = YES;
				SWIFT_VERSION = 5.0;
				TARGETED_DEVICE_FAMILY = 4;
				WATCHOS_DEPLOYMENT_TARGET = 8.5;
			};
			name = Release;
		};
		04ABCE74285DB29200DDADFB /* Debug */ = {
			isa = XCBuildConfiguration;
			buildSettings = {
				ALWAYS_EMBED_SWIFT_STANDARD_LIBRARIES = YES;
				ASSETCATALOG_COMPILER_APPICON_NAME = AppIcon;
				ASSETCATALOG_COMPILER_GLOBAL_ACCENT_COLOR_NAME = AccentColor;
				CODE_SIGN_ENTITLEMENTS = HypedListMac/HypedListMac.entitlements;
				CODE_SIGN_STYLE = Automatic;
				COMBINE_HIDPI_IMAGES = YES;
				CURRENT_PROJECT_VERSION = 1;
				DEVELOPMENT_ASSET_PATHS = "\"HypedListMac/Preview Content\"";
				DEVELOPMENT_TEAM = RT32ZWV93X;
				ENABLE_HARDENED_RUNTIME = YES;
				ENABLE_PREVIEWS = YES;
				GENERATE_INFOPLIST_FILE = YES;
				INFOPLIST_KEY_LSApplicationCategoryType = "public.app-category.productivity";
				INFOPLIST_KEY_NSHumanReadableCopyright = "";
				LD_RUNPATH_SEARCH_PATHS = (
					"$(inherited)",
					"@executable_path/../Frameworks",
				);
				MACOSX_DEPLOYMENT_TARGET = 12.3;
				MARKETING_VERSION = 1.0;
				PRODUCT_BUNDLE_IDENTIFIER = au.com.bitpointx.HypedListMac;
				PRODUCT_NAME = "$(TARGET_NAME)";
				SDKROOT = macosx;
				SWIFT_EMIT_LOC_STRINGS = YES;
				SWIFT_VERSION = 5.0;
			};
			name = Debug;
		};
		04ABCE75285DB29200DDADFB /* Release */ = {
			isa = XCBuildConfiguration;
			buildSettings = {
				ALWAYS_EMBED_SWIFT_STANDARD_LIBRARIES = YES;
				ASSETCATALOG_COMPILER_APPICON_NAME = AppIcon;
				ASSETCATALOG_COMPILER_GLOBAL_ACCENT_COLOR_NAME = AccentColor;
				CODE_SIGN_ENTITLEMENTS = HypedListMac/HypedListMac.entitlements;
				CODE_SIGN_STYLE = Automatic;
				COMBINE_HIDPI_IMAGES = YES;
				CURRENT_PROJECT_VERSION = 1;
				DEVELOPMENT_ASSET_PATHS = "\"HypedListMac/Preview Content\"";
				DEVELOPMENT_TEAM = RT32ZWV93X;
				ENABLE_HARDENED_RUNTIME = YES;
				ENABLE_PREVIEWS = YES;
				GENERATE_INFOPLIST_FILE = YES;
				INFOPLIST_KEY_LSApplicationCategoryType = "public.app-category.productivity";
				INFOPLIST_KEY_NSHumanReadableCopyright = "";
				LD_RUNPATH_SEARCH_PATHS = (
					"$(inherited)",
					"@executable_path/../Frameworks",
				);
				MACOSX_DEPLOYMENT_TARGET = 12.3;
				MARKETING_VERSION = 1.0;
				PRODUCT_BUNDLE_IDENTIFIER = au.com.bitpointx.HypedListMac;
				PRODUCT_NAME = "$(TARGET_NAME)";
				SDKROOT = macosx;
				SWIFT_EMIT_LOC_STRINGS = YES;
				SWIFT_VERSION = 5.0;
			};
			name = Release;
		};
		04ABCE97285E617C00DDADFB /* Debug */ = {
			isa = XCBuildConfiguration;
			buildSettings = {
				ASSETCATALOG_COMPILER_GLOBAL_ACCENT_COLOR_NAME = AccentColor;
				ASSETCATALOG_COMPILER_WIDGET_BACKGROUND_COLOR_NAME = WidgetBackground;
				CODE_SIGN_ENTITLEMENTS = HypedListMacWidget/HypedListMacWidget.entitlements;
				CODE_SIGN_STYLE = Automatic;
				CURRENT_PROJECT_VERSION = 1;
				DEVELOPMENT_TEAM = RT32ZWV93X;
				ENABLE_HARDENED_RUNTIME = YES;
				GENERATE_INFOPLIST_FILE = YES;
				INFOPLIST_FILE = HypedListMacWidget/Info.plist;
				INFOPLIST_KEY_CFBundleDisplayName = HypedListMacWidget;
				INFOPLIST_KEY_NSHumanReadableCopyright = "";
				LD_RUNPATH_SEARCH_PATHS = (
					"$(inherited)",
					"@executable_path/../Frameworks",
					"@executable_path/../../../../Frameworks",
				);
				MACOSX_DEPLOYMENT_TARGET = 12.3;
				MARKETING_VERSION = 1.0;
				PRODUCT_BUNDLE_IDENTIFIER = au.com.bitpointx.HypedListMac.HypedListMacWidget;
				PRODUCT_NAME = "$(TARGET_NAME)";
				SDKROOT = macosx;
				SKIP_INSTALL = YES;
				SWIFT_EMIT_LOC_STRINGS = YES;
				SWIFT_VERSION = 5.0;
			};
			name = Debug;
		};
		04ABCE98285E617C00DDADFB /* Release */ = {
			isa = XCBuildConfiguration;
			buildSettings = {
				ASSETCATALOG_COMPILER_GLOBAL_ACCENT_COLOR_NAME = AccentColor;
				ASSETCATALOG_COMPILER_WIDGET_BACKGROUND_COLOR_NAME = WidgetBackground;
				CODE_SIGN_ENTITLEMENTS = HypedListMacWidget/HypedListMacWidget.entitlements;
				CODE_SIGN_STYLE = Automatic;
				CURRENT_PROJECT_VERSION = 1;
				DEVELOPMENT_TEAM = RT32ZWV93X;
				ENABLE_HARDENED_RUNTIME = YES;
				GENERATE_INFOPLIST_FILE = YES;
				INFOPLIST_FILE = HypedListMacWidget/Info.plist;
				INFOPLIST_KEY_CFBundleDisplayName = HypedListMacWidget;
				INFOPLIST_KEY_NSHumanReadableCopyright = "";
				LD_RUNPATH_SEARCH_PATHS = (
					"$(inherited)",
					"@executable_path/../Frameworks",
					"@executable_path/../../../../Frameworks",
				);
				MACOSX_DEPLOYMENT_TARGET = 12.3;
				MARKETING_VERSION = 1.0;
				PRODUCT_BUNDLE_IDENTIFIER = au.com.bitpointx.HypedListMac.HypedListMacWidget;
				PRODUCT_NAME = "$(TARGET_NAME)";
				SDKROOT = macosx;
				SKIP_INSTALL = YES;
				SWIFT_EMIT_LOC_STRINGS = YES;
				SWIFT_VERSION = 5.0;
			};
			name = Release;
		};
		04ABCEB1285E6B3900DDADFB /* Debug */ = {
			isa = XCBuildConfiguration;
			buildSettings = {
				ASSETCATALOG_COMPILER_APPICON_NAME = "App Icon & Top Shelf Image";
				ASSETCATALOG_COMPILER_GLOBAL_ACCENT_COLOR_NAME = AccentColor;
				CODE_SIGN_ENTITLEMENTS = HypedListTV/HypedListTV.entitlements;
				CODE_SIGN_STYLE = Automatic;
				CURRENT_PROJECT_VERSION = 1;
				DEVELOPMENT_ASSET_PATHS = "\"HypedListTV/Preview Content\"";
				DEVELOPMENT_TEAM = RT32ZWV93X;
				ENABLE_PREVIEWS = YES;
				GENERATE_INFOPLIST_FILE = YES;
				INFOPLIST_KEY_UILaunchScreen_Generation = YES;
				INFOPLIST_KEY_UIUserInterfaceStyle = Automatic;
				LD_RUNPATH_SEARCH_PATHS = (
					"$(inherited)",
					"@executable_path/Frameworks",
				);
				MARKETING_VERSION = 1.0;
				PRODUCT_BUNDLE_IDENTIFIER = au.com.bitpointx.HypedListTV;
				PRODUCT_NAME = "$(TARGET_NAME)";
				SDKROOT = appletvos;
				SWIFT_EMIT_LOC_STRINGS = YES;
				SWIFT_VERSION = 5.0;
				TARGETED_DEVICE_FAMILY = 3;
				TVOS_DEPLOYMENT_TARGET = 15.4;
			};
			name = Debug;
		};
		04ABCEB2285E6B3900DDADFB /* Release */ = {
			isa = XCBuildConfiguration;
			buildSettings = {
				ASSETCATALOG_COMPILER_APPICON_NAME = "App Icon & Top Shelf Image";
				ASSETCATALOG_COMPILER_GLOBAL_ACCENT_COLOR_NAME = AccentColor;
				CODE_SIGN_ENTITLEMENTS = HypedListTV/HypedListTV.entitlements;
				CODE_SIGN_STYLE = Automatic;
				CURRENT_PROJECT_VERSION = 1;
				DEVELOPMENT_ASSET_PATHS = "\"HypedListTV/Preview Content\"";
				DEVELOPMENT_TEAM = RT32ZWV93X;
				ENABLE_PREVIEWS = YES;
				GENERATE_INFOPLIST_FILE = YES;
				INFOPLIST_KEY_UILaunchScreen_Generation = YES;
				INFOPLIST_KEY_UIUserInterfaceStyle = Automatic;
				LD_RUNPATH_SEARCH_PATHS = (
					"$(inherited)",
					"@executable_path/Frameworks",
				);
				MARKETING_VERSION = 1.0;
				PRODUCT_BUNDLE_IDENTIFIER = au.com.bitpointx.HypedListTV;
				PRODUCT_NAME = "$(TARGET_NAME)";
				SDKROOT = appletvos;
				SWIFT_EMIT_LOC_STRINGS = YES;
				SWIFT_VERSION = 5.0;
				TARGETED_DEVICE_FAMILY = 3;
				TVOS_DEPLOYMENT_TARGET = 15.4;
			};
			name = Release;
		};
		04B5209F28577D6200AD7C64 /* Debug */ = {
			isa = XCBuildConfiguration;
			buildSettings = {
				ALWAYS_SEARCH_USER_PATHS = NO;
				CLANG_ANALYZER_NONNULL = YES;
				CLANG_ANALYZER_NUMBER_OBJECT_CONVERSION = YES_AGGRESSIVE;
				CLANG_CXX_LANGUAGE_STANDARD = "gnu++17";
				CLANG_ENABLE_MODULES = YES;
				CLANG_ENABLE_OBJC_ARC = YES;
				CLANG_ENABLE_OBJC_WEAK = YES;
				CLANG_WARN_BLOCK_CAPTURE_AUTORELEASING = YES;
				CLANG_WARN_BOOL_CONVERSION = YES;
				CLANG_WARN_COMMA = YES;
				CLANG_WARN_CONSTANT_CONVERSION = YES;
				CLANG_WARN_DEPRECATED_OBJC_IMPLEMENTATIONS = YES;
				CLANG_WARN_DIRECT_OBJC_ISA_USAGE = YES_ERROR;
				CLANG_WARN_DOCUMENTATION_COMMENTS = YES;
				CLANG_WARN_EMPTY_BODY = YES;
				CLANG_WARN_ENUM_CONVERSION = YES;
				CLANG_WARN_INFINITE_RECURSION = YES;
				CLANG_WARN_INT_CONVERSION = YES;
				CLANG_WARN_NON_LITERAL_NULL_CONVERSION = YES;
				CLANG_WARN_OBJC_IMPLICIT_RETAIN_SELF = YES;
				CLANG_WARN_OBJC_LITERAL_CONVERSION = YES;
				CLANG_WARN_OBJC_ROOT_CLASS = YES_ERROR;
				CLANG_WARN_QUOTED_INCLUDE_IN_FRAMEWORK_HEADER = YES;
				CLANG_WARN_RANGE_LOOP_ANALYSIS = YES;
				CLANG_WARN_STRICT_PROTOTYPES = YES;
				CLANG_WARN_SUSPICIOUS_MOVE = YES;
				CLANG_WARN_UNGUARDED_AVAILABILITY = YES_AGGRESSIVE;
				CLANG_WARN_UNREACHABLE_CODE = YES;
				CLANG_WARN__DUPLICATE_METHOD_MATCH = YES;
				COPY_PHASE_STRIP = NO;
				DEBUG_INFORMATION_FORMAT = dwarf;
				ENABLE_STRICT_OBJC_MSGSEND = YES;
				ENABLE_TESTABILITY = YES;
				GCC_C_LANGUAGE_STANDARD = gnu11;
				GCC_DYNAMIC_NO_PIC = NO;
				GCC_NO_COMMON_BLOCKS = YES;
				GCC_OPTIMIZATION_LEVEL = 0;
				GCC_PREPROCESSOR_DEFINITIONS = (
					"DEBUG=1",
					"$(inherited)",
				);
				GCC_WARN_64_TO_32_BIT_CONVERSION = YES;
				GCC_WARN_ABOUT_RETURN_TYPE = YES_ERROR;
				GCC_WARN_UNDECLARED_SELECTOR = YES;
				GCC_WARN_UNINITIALIZED_AUTOS = YES_AGGRESSIVE;
				GCC_WARN_UNUSED_FUNCTION = YES;
				GCC_WARN_UNUSED_VARIABLE = YES;
				IPHONEOS_DEPLOYMENT_TARGET = 15.4;
				MTL_ENABLE_DEBUG_INFO = INCLUDE_SOURCE;
				MTL_FAST_MATH = YES;
				ONLY_ACTIVE_ARCH = YES;
				SDKROOT = iphoneos;
				SWIFT_ACTIVE_COMPILATION_CONDITIONS = DEBUG;
				SWIFT_OPTIMIZATION_LEVEL = "-Onone";
			};
			name = Debug;
		};
		04B520A028577D6200AD7C64 /* Release */ = {
			isa = XCBuildConfiguration;
			buildSettings = {
				ALWAYS_SEARCH_USER_PATHS = NO;
				CLANG_ANALYZER_NONNULL = YES;
				CLANG_ANALYZER_NUMBER_OBJECT_CONVERSION = YES_AGGRESSIVE;
				CLANG_CXX_LANGUAGE_STANDARD = "gnu++17";
				CLANG_ENABLE_MODULES = YES;
				CLANG_ENABLE_OBJC_ARC = YES;
				CLANG_ENABLE_OBJC_WEAK = YES;
				CLANG_WARN_BLOCK_CAPTURE_AUTORELEASING = YES;
				CLANG_WARN_BOOL_CONVERSION = YES;
				CLANG_WARN_COMMA = YES;
				CLANG_WARN_CONSTANT_CONVERSION = YES;
				CLANG_WARN_DEPRECATED_OBJC_IMPLEMENTATIONS = YES;
				CLANG_WARN_DIRECT_OBJC_ISA_USAGE = YES_ERROR;
				CLANG_WARN_DOCUMENTATION_COMMENTS = YES;
				CLANG_WARN_EMPTY_BODY = YES;
				CLANG_WARN_ENUM_CONVERSION = YES;
				CLANG_WARN_INFINITE_RECURSION = YES;
				CLANG_WARN_INT_CONVERSION = YES;
				CLANG_WARN_NON_LITERAL_NULL_CONVERSION = YES;
				CLANG_WARN_OBJC_IMPLICIT_RETAIN_SELF = YES;
				CLANG_WARN_OBJC_LITERAL_CONVERSION = YES;
				CLANG_WARN_OBJC_ROOT_CLASS = YES_ERROR;
				CLANG_WARN_QUOTED_INCLUDE_IN_FRAMEWORK_HEADER = YES;
				CLANG_WARN_RANGE_LOOP_ANALYSIS = YES;
				CLANG_WARN_STRICT_PROTOTYPES = YES;
				CLANG_WARN_SUSPICIOUS_MOVE = YES;
				CLANG_WARN_UNGUARDED_AVAILABILITY = YES_AGGRESSIVE;
				CLANG_WARN_UNREACHABLE_CODE = YES;
				CLANG_WARN__DUPLICATE_METHOD_MATCH = YES;
				COPY_PHASE_STRIP = NO;
				DEBUG_INFORMATION_FORMAT = "dwarf-with-dsym";
				ENABLE_NS_ASSERTIONS = NO;
				ENABLE_STRICT_OBJC_MSGSEND = YES;
				GCC_C_LANGUAGE_STANDARD = gnu11;
				GCC_NO_COMMON_BLOCKS = YES;
				GCC_WARN_64_TO_32_BIT_CONVERSION = YES;
				GCC_WARN_ABOUT_RETURN_TYPE = YES_ERROR;
				GCC_WARN_UNDECLARED_SELECTOR = YES;
				GCC_WARN_UNINITIALIZED_AUTOS = YES_AGGRESSIVE;
				GCC_WARN_UNUSED_FUNCTION = YES;
				GCC_WARN_UNUSED_VARIABLE = YES;
				IPHONEOS_DEPLOYMENT_TARGET = 15.4;
				MTL_ENABLE_DEBUG_INFO = NO;
				MTL_FAST_MATH = YES;
				SDKROOT = iphoneos;
				SWIFT_COMPILATION_MODE = wholemodule;
				SWIFT_OPTIMIZATION_LEVEL = "-O";
				VALIDATE_PRODUCT = YES;
			};
			name = Release;
		};
		04B520A228577D6200AD7C64 /* Debug */ = {
			isa = XCBuildConfiguration;
			buildSettings = {
				ALWAYS_EMBED_SWIFT_STANDARD_LIBRARIES = YES;
				ASSETCATALOG_COMPILER_APPICON_NAME = AppIcon;
				ASSETCATALOG_COMPILER_GLOBAL_ACCENT_COLOR_NAME = AccentColor;
				CODE_SIGN_ENTITLEMENTS = HypedListiOS.entitlements;
				CODE_SIGN_STYLE = Automatic;
				CURRENT_PROJECT_VERSION = 1;
				DEVELOPMENT_ASSET_PATHS = "\"HypedList/Preview Content\"";
				DEVELOPMENT_TEAM = RT32ZWV93X;
				ENABLE_PREVIEWS = YES;
				GENERATE_INFOPLIST_FILE = YES;
				INFOPLIST_KEY_UIApplicationSceneManifest_Generation = YES;
				INFOPLIST_KEY_UIApplicationSupportsIndirectInputEvents = YES;
				INFOPLIST_KEY_UILaunchScreen_Generation = YES;
				INFOPLIST_KEY_UISupportedInterfaceOrientations_iPad = "UIInterfaceOrientationPortrait UIInterfaceOrientationPortraitUpsideDown UIInterfaceOrientationLandscapeLeft UIInterfaceOrientationLandscapeRight";
				INFOPLIST_KEY_UISupportedInterfaceOrientations_iPhone = "UIInterfaceOrientationPortrait UIInterfaceOrientationLandscapeLeft UIInterfaceOrientationLandscapeRight";
				IPHONEOS_DEPLOYMENT_TARGET = 15.4;
				LD_RUNPATH_SEARCH_PATHS = (
					"$(inherited)",
					"@executable_path/Frameworks",
				);
				MARKETING_VERSION = 1.0;
				PRODUCT_BUNDLE_IDENTIFIER = au.com.bitpointx.HypedList;
				PRODUCT_NAME = "Hyped List App";
				SWIFT_EMIT_LOC_STRINGS = YES;
				SWIFT_VERSION = 5.0;
				TARGETED_DEVICE_FAMILY = "1,2";
			};
			name = Debug;
		};
		04B520A328577D6200AD7C64 /* Release */ = {
			isa = XCBuildConfiguration;
			buildSettings = {
				ALWAYS_EMBED_SWIFT_STANDARD_LIBRARIES = YES;
				ASSETCATALOG_COMPILER_APPICON_NAME = AppIcon;
				ASSETCATALOG_COMPILER_GLOBAL_ACCENT_COLOR_NAME = AccentColor;
				CODE_SIGN_ENTITLEMENTS = HypedListiOS.entitlements;
				CODE_SIGN_STYLE = Automatic;
				CURRENT_PROJECT_VERSION = 1;
				DEVELOPMENT_ASSET_PATHS = "\"HypedList/Preview Content\"";
				DEVELOPMENT_TEAM = RT32ZWV93X;
				ENABLE_PREVIEWS = YES;
				GENERATE_INFOPLIST_FILE = YES;
				INFOPLIST_KEY_UIApplicationSceneManifest_Generation = YES;
				INFOPLIST_KEY_UIApplicationSupportsIndirectInputEvents = YES;
				INFOPLIST_KEY_UILaunchScreen_Generation = YES;
				INFOPLIST_KEY_UISupportedInterfaceOrientations_iPad = "UIInterfaceOrientationPortrait UIInterfaceOrientationPortraitUpsideDown UIInterfaceOrientationLandscapeLeft UIInterfaceOrientationLandscapeRight";
				INFOPLIST_KEY_UISupportedInterfaceOrientations_iPhone = "UIInterfaceOrientationPortrait UIInterfaceOrientationLandscapeLeft UIInterfaceOrientationLandscapeRight";
				IPHONEOS_DEPLOYMENT_TARGET = 15.4;
				LD_RUNPATH_SEARCH_PATHS = (
					"$(inherited)",
					"@executable_path/Frameworks",
				);
				MARKETING_VERSION = 1.0;
				PRODUCT_BUNDLE_IDENTIFIER = au.com.bitpointx.HypedList;
				PRODUCT_NAME = "Hyped List App";
				SWIFT_EMIT_LOC_STRINGS = YES;
				SWIFT_VERSION = 5.0;
				TARGETED_DEVICE_FAMILY = "1,2";
			};
			name = Release;
		};
/* End XCBuildConfiguration section */

/* Begin XCConfigurationList section */
		046AA0F9285C97DC009107C3 /* Build configuration list for PBXNativeTarget "HypedListiOSWidgetExtension" */ = {
			isa = XCConfigurationList;
			buildConfigurations = (
				046AA0FA285C97DC009107C3 /* Debug */,
				046AA0FB285C97DC009107C3 /* Release */,
			);
			defaultConfigurationIsVisible = 0;
			defaultConfigurationName = Release;
		};
		04ABCE4E285D00FB00DDADFB /* Build configuration list for PBXNativeTarget "HypedListWatch WatchKit Extension" */ = {
			isa = XCConfigurationList;
			buildConfigurations = (
				04ABCE4F285D00FB00DDADFB /* Debug */,
				04ABCE50285D00FB00DDADFB /* Release */,
			);
			defaultConfigurationIsVisible = 0;
			defaultConfigurationName = Release;
		};
		04ABCE52285D00FB00DDADFB /* Build configuration list for PBXNativeTarget "HypedListWatch" */ = {
			isa = XCConfigurationList;
			buildConfigurations = (
				04ABCE53285D00FB00DDADFB /* Debug */,
				04ABCE54285D00FB00DDADFB /* Release */,
			);
			defaultConfigurationIsVisible = 0;
			defaultConfigurationName = Release;
		};
		04ABCE73285DB29200DDADFB /* Build configuration list for PBXNativeTarget "HypedListMac" */ = {
			isa = XCConfigurationList;
			buildConfigurations = (
				04ABCE74285DB29200DDADFB /* Debug */,
				04ABCE75285DB29200DDADFB /* Release */,
			);
			defaultConfigurationIsVisible = 0;
			defaultConfigurationName = Release;
		};
		04ABCE96285E617C00DDADFB /* Build configuration list for PBXNativeTarget "HypedListMacWidgetExtension" */ = {
			isa = XCConfigurationList;
			buildConfigurations = (
				04ABCE97285E617C00DDADFB /* Debug */,
				04ABCE98285E617C00DDADFB /* Release */,
			);
			defaultConfigurationIsVisible = 0;
			defaultConfigurationName = Release;
		};
		04ABCEB0285E6B3900DDADFB /* Build configuration list for PBXNativeTarget "HypedListTV" */ = {
			isa = XCConfigurationList;
			buildConfigurations = (
				04ABCEB1285E6B3900DDADFB /* Debug */,
				04ABCEB2285E6B3900DDADFB /* Release */,
			);
			defaultConfigurationIsVisible = 0;
			defaultConfigurationName = Release;
		};
		04B5208E28577D5F00AD7C64 /* Build configuration list for PBXProject "HypedList" */ = {
			isa = XCConfigurationList;
			buildConfigurations = (
				04B5209F28577D6200AD7C64 /* Debug */,
				04B520A028577D6200AD7C64 /* Release */,
			);
			defaultConfigurationIsVisible = 0;
			defaultConfigurationName = Release;
		};
		04B520A128577D6200AD7C64 /* Build configuration list for PBXNativeTarget "HypedListiOS" */ = {
			isa = XCConfigurationList;
			buildConfigurations = (
				04B520A228577D6200AD7C64 /* Debug */,
				04B520A328577D6200AD7C64 /* Release */,
			);
			defaultConfigurationIsVisible = 0;
			defaultConfigurationName = Release;
		};
/* End XCConfigurationList section */

/* Begin XCRemoteSwiftPackageReference section */
		046AA0D8285B8FD8009107C3 /* XCRemoteSwiftPackageReference "SwiftDate" */ = {
			isa = XCRemoteSwiftPackageReference;
			repositoryURL = "https://github.com/malcommac/SwiftDate.git";
			requirement = {
				kind = upToNextMajorVersion;
				minimumVersion = 6.0.0;
			};
		};
		046AA0DF285BA69B009107C3 /* XCRemoteSwiftPackageReference "UIColor-Hex-Swift" */ = {
			isa = XCRemoteSwiftPackageReference;
			repositoryURL = "https://github.com/yeahdongcn/UIColor-Hex-Swift.git";
			requirement = {
				kind = upToNextMajorVersion;
				minimumVersion = 5.0.0;
			};
		};
/* End XCRemoteSwiftPackageReference section */

/* Begin XCSwiftPackageProductDependency section */
		046AA0D9285B8FD8009107C3 /* SwiftDate */ = {
			isa = XCSwiftPackageProductDependency;
			package = 046AA0D8285B8FD8009107C3 /* XCRemoteSwiftPackageReference "SwiftDate" */;
			productName = SwiftDate;
		};
		046AA0E0285BA69C009107C3 /* UIColorHexSwift */ = {
			isa = XCSwiftPackageProductDependency;
			package = 046AA0DF285BA69B009107C3 /* XCRemoteSwiftPackageReference "UIColor-Hex-Swift" */;
			productName = UIColorHexSwift;
		};
		046AA0FF285C9A7D009107C3 /* SwiftDate */ = {
			isa = XCSwiftPackageProductDependency;
			package = 046AA0D8285B8FD8009107C3 /* XCRemoteSwiftPackageReference "SwiftDate" */;
			productName = SwiftDate;
		};
		046AA101285C9A7D009107C3 /* UIColorHexSwift */ = {
			isa = XCSwiftPackageProductDependency;
			package = 046AA0DF285BA69B009107C3 /* XCRemoteSwiftPackageReference "UIColor-Hex-Swift" */;
			productName = UIColorHexSwift;
		};
		04ABCE59285D025B00DDADFB /* SwiftDate */ = {
			isa = XCSwiftPackageProductDependency;
			package = 046AA0D8285B8FD8009107C3 /* XCRemoteSwiftPackageReference "SwiftDate" */;
			productName = SwiftDate;
		};
		04ABCE5B285D025B00DDADFB /* UIColorHexSwift */ = {
			isa = XCSwiftPackageProductDependency;
			package = 046AA0DF285BA69B009107C3 /* XCRemoteSwiftPackageReference "UIColor-Hex-Swift" */;
			productName = UIColorHexSwift;
		};
		04ABCE78285DB40900DDADFB /* SwiftDate */ = {
			isa = XCSwiftPackageProductDependency;
			package = 046AA0D8285B8FD8009107C3 /* XCRemoteSwiftPackageReference "SwiftDate" */;
			productName = SwiftDate;
		};
		04ABCE7A285DB40900DDADFB /* UIColorHexSwift */ = {
			isa = XCSwiftPackageProductDependency;
			package = 046AA0DF285BA69B009107C3 /* XCRemoteSwiftPackageReference "UIColor-Hex-Swift" */;
			productName = UIColorHexSwift;
		};
		04ABCE9D285E61EA00DDADFB /* SwiftDate */ = {
			isa = XCSwiftPackageProductDependency;
			package = 046AA0D8285B8FD8009107C3 /* XCRemoteSwiftPackageReference "SwiftDate" */;
			productName = SwiftDate;
		};
		04ABCE9F285E61EA00DDADFB /* UIColorHexSwift */ = {
			isa = XCSwiftPackageProductDependency;
			package = 046AA0DF285BA69B009107C3 /* XCRemoteSwiftPackageReference "UIColor-Hex-Swift" */;
			productName = UIColorHexSwift;
		};
		04ABCEB6285E6D4E00DDADFB /* SwiftDate */ = {
			isa = XCSwiftPackageProductDependency;
			package = 046AA0D8285B8FD8009107C3 /* XCRemoteSwiftPackageReference "SwiftDate" */;
			productName = SwiftDate;
		};
		04ABCEB8285E6D4E00DDADFB /* UIColorHexSwift */ = {
			isa = XCSwiftPackageProductDependency;
			package = 046AA0DF285BA69B009107C3 /* XCRemoteSwiftPackageReference "UIColor-Hex-Swift" */;
			productName = UIColorHexSwift;
		};
/* End XCSwiftPackageProductDependency section */
	};
	rootObject = 04B5208B28577D5F00AD7C64 /* Project object */;
}
